// !$*UTF8*$!
{
	archiveVersion = 1;
	classes = {
	};
	objectVersion = 46;
	objects = {

/* Begin PBXBuildFile section */
		CD015FCE15BA66CA0096CDF9 /* EDConstants.m in Sources */ = {isa = PBXBuildFile; fileRef = CD015FCD15BA66CA0096CDF9 /* EDConstants.m */; };
		CD1422C715C7590700F55819 /* EDCoreDataUtility.m in Sources */ = {isa = PBXBuildFile; fileRef = CD1422C615C7590700F55819 /* EDCoreDataUtility.m */; };
		CD27665515D996E900162240 /* EDGraph.m in Sources */ = {isa = PBXBuildFile; fileRef = CD27665415D996E900162240 /* EDGraph.m */; };
		CD3F0A9C15BDF93400AB7567 /* EDGraphView.m in Sources */ = {isa = PBXBuildFile; fileRef = CD3F0A9915BDF93400AB7567 /* EDGraphView.m */; };
		CD3F0A9D15BDF93400AB7567 /* EDGraphViewController.m in Sources */ = {isa = PBXBuildFile; fileRef = CD3F0A9B15BDF93400AB7567 /* EDGraphViewController.m */; };
		CD3F0AC515C22F0B00AB7567 /* EDWorksheetElementView.m in Sources */ = {isa = PBXBuildFile; fileRef = CD3F0AC415C22F0B00AB7567 /* EDWorksheetElementView.m */; };
		CD3F0ADB15C3844000AB7567 /* EDPropertiesController.m in Sources */ = {isa = PBXBuildFile; fileRef = CD3F0AD915C3844000AB7567 /* EDPropertiesController.m */; };
		CD3F0ADC15C3844000AB7567 /* EDPropertiesView.xib in Resources */ = {isa = PBXBuildFile; fileRef = CD3F0ADA15C3844000AB7567 /* EDPropertiesView.xib */; };
		CD3F0AE915C3966100AB7567 /* EDPropertiesViewControllerText.m in Sources */ = {isa = PBXBuildFile; fileRef = CD3F0AE715C3966100AB7567 /* EDPropertiesViewControllerText.m */; };
		CD3F0AEA15C3966100AB7567 /* EDPropertiesViewText.xib in Resources */ = {isa = PBXBuildFile; fileRef = CD3F0AE815C3966100AB7567 /* EDPropertiesViewText.xib */; };
		CD3F0AF315C4772700AB7567 /* EDPropertiesViewControllerGraph.m in Sources */ = {isa = PBXBuildFile; fileRef = CD3F0AF115C4772700AB7567 /* EDPropertiesViewControllerGraph.m */; };
		CD3F0AF415C4772700AB7567 /* EDPropertiesViewGraph.xib in Resources */ = {isa = PBXBuildFile; fileRef = CD3F0AF215C4772700AB7567 /* EDPropertiesViewGraph.xib */; };
		CD41B54D15BB024C00640E73 /* EDWorksheetView.m in Sources */ = {isa = PBXBuildFile; fileRef = CD41B54C15BB024C00640E73 /* EDWorksheetView.m */; };
		CD41B55015BB046B00640E73 /* EDWorksheetViewController.m in Sources */ = {isa = PBXBuildFile; fileRef = CD41B54F15BB046B00640E73 /* EDWorksheetViewController.m */; };
		CD47112215BA1647008AACC3 /* Cocoa.framework in Frameworks */ = {isa = PBXBuildFile; fileRef = CD47112115BA1647008AACC3 /* Cocoa.framework */; };
		CD47112C15BA1647008AACC3 /* InfoPlist.strings in Resources */ = {isa = PBXBuildFile; fileRef = CD47112A15BA1647008AACC3 /* InfoPlist.strings */; };
		CD47112E15BA1647008AACC3 /* main.m in Sources */ = {isa = PBXBuildFile; fileRef = CD47112D15BA1647008AACC3 /* main.m */; };
		CD47113215BA1647008AACC3 /* Credits.rtf in Resources */ = {isa = PBXBuildFile; fileRef = CD47113015BA1647008AACC3 /* Credits.rtf */; };
		CD47113515BA1647008AACC3 /* EDDocument.m in Sources */ = {isa = PBXBuildFile; fileRef = CD47113415BA1647008AACC3 /* EDDocument.m */; };
		CD47113815BA1647008AACC3 /* EDDocument.xib in Resources */ = {isa = PBXBuildFile; fileRef = CD47113615BA1647008AACC3 /* EDDocument.xib */; };
		CD47113B15BA1647008AACC3 /* MainMenu.xib in Resources */ = {isa = PBXBuildFile; fileRef = CD47113915BA1647008AACC3 /* MainMenu.xib */; };
		CD47113E15BA1647008AACC3 /* EDDocument.xcdatamodeld in Sources */ = {isa = PBXBuildFile; fileRef = CD47113C15BA1647008AACC3 /* EDDocument.xcdatamodeld */; };
		CD47114615BA1C0C008AACC3 /* EDGraphArrayController.m in Sources */ = {isa = PBXBuildFile; fileRef = CD47114515BA1C0C008AACC3 /* EDGraphArrayController.m */; };
		CDE6D61C15DC476B00E5695F /* NSManagedObject+Attributes.m in Sources */ = {isa = PBXBuildFile; fileRef = CDE6D61B15DC476B00E5695F /* NSManagedObject+Attributes.m */; };
		CDE6D63015DE774100E5695F /* EDElement.m in Sources */ = {isa = PBXBuildFile; fileRef = CDE6D62F15DE774000E5695F /* EDElement.m */; };
		CDE6D65615E111C700E5695F /* EDWindow.m in Sources */ = {isa = PBXBuildFile; fileRef = CDE6D65515E111C700E5695F /* EDWindow.m */; };
		CDF7D84F15CEC3A00072B8BB /* NSManagedObject+EasyFetching.m in Sources */ = {isa = PBXBuildFile; fileRef = CDF7D84E15CEC3A00072B8BB /* NSManagedObject+EasyFetching.m */; };
/* End PBXBuildFile section */

/* Begin PBXFileReference section */
		CD015FCC15BA66CA0096CDF9 /* EDConstants.h */ = {isa = PBXFileReference; fileEncoding = 4; lastKnownFileType = sourcecode.c.h; path = EDConstants.h; sourceTree = "<group>"; };
		CD015FCD15BA66CA0096CDF9 /* EDConstants.m */ = {isa = PBXFileReference; fileEncoding = 4; lastKnownFileType = sourcecode.c.objc; path = EDConstants.m; sourceTree = "<group>"; };
		CD1422C515C7590700F55819 /* EDCoreDataUtility.h */ = {isa = PBXFileReference; fileEncoding = 4; lastKnownFileType = sourcecode.c.h; path = EDCoreDataUtility.h; sourceTree = "<group>"; };
		CD1422C615C7590700F55819 /* EDCoreDataUtility.m */ = {isa = PBXFileReference; fileEncoding = 4; lastKnownFileType = sourcecode.c.objc; path = EDCoreDataUtility.m; sourceTree = "<group>"; };
		CD27665315D996E900162240 /* EDGraph.h */ = {isa = PBXFileReference; fileEncoding = 4; lastKnownFileType = sourcecode.c.h; path = EDGraph.h; sourceTree = "<group>"; };
		CD27665415D996E900162240 /* EDGraph.m */ = {isa = PBXFileReference; fileEncoding = 4; lastKnownFileType = sourcecode.c.objc; path = EDGraph.m; sourceTree = "<group>"; };
		CD3F0A9815BDF93400AB7567 /* EDGraphView.h */ = {isa = PBXFileReference; fileEncoding = 4; lastKnownFileType = sourcecode.c.h; path = EDGraphView.h; sourceTree = "<group>"; };
		CD3F0A9915BDF93400AB7567 /* EDGraphView.m */ = {isa = PBXFileReference; fileEncoding = 4; lastKnownFileType = sourcecode.c.objc; path = EDGraphView.m; sourceTree = "<group>"; };
		CD3F0A9A15BDF93400AB7567 /* EDGraphViewController.h */ = {isa = PBXFileReference; fileEncoding = 4; lastKnownFileType = sourcecode.c.h; path = EDGraphViewController.h; sourceTree = "<group>"; };
		CD3F0A9B15BDF93400AB7567 /* EDGraphViewController.m */ = {isa = PBXFileReference; fileEncoding = 4; lastKnownFileType = sourcecode.c.objc; path = EDGraphViewController.m; sourceTree = "<group>"; };
		CD3F0AC315C22F0B00AB7567 /* EDWorksheetElementView.h */ = {isa = PBXFileReference; fileEncoding = 4; lastKnownFileType = sourcecode.c.h; path = EDWorksheetElementView.h; sourceTree = "<group>"; };
		CD3F0AC415C22F0B00AB7567 /* EDWorksheetElementView.m */ = {isa = PBXFileReference; fileEncoding = 4; lastKnownFileType = sourcecode.c.objc; path = EDWorksheetElementView.m; sourceTree = "<group>"; };
		CD3F0AD815C3844000AB7567 /* EDPropertiesController.h */ = {isa = PBXFileReference; fileEncoding = 4; lastKnownFileType = sourcecode.c.h; path = EDPropertiesController.h; sourceTree = "<group>"; };
		CD3F0AD915C3844000AB7567 /* EDPropertiesController.m */ = {isa = PBXFileReference; fileEncoding = 4; lastKnownFileType = sourcecode.c.objc; path = EDPropertiesController.m; sourceTree = "<group>"; };
		CD3F0ADA15C3844000AB7567 /* EDPropertiesView.xib */ = {isa = PBXFileReference; fileEncoding = 4; lastKnownFileType = file.xib; path = EDPropertiesView.xib; sourceTree = "<group>"; };
		CD3F0AE615C3966100AB7567 /* EDPropertiesViewControllerText.h */ = {isa = PBXFileReference; fileEncoding = 4; lastKnownFileType = sourcecode.c.h; path = EDPropertiesViewControllerText.h; sourceTree = "<group>"; };
		CD3F0AE715C3966100AB7567 /* EDPropertiesViewControllerText.m */ = {isa = PBXFileReference; fileEncoding = 4; lastKnownFileType = sourcecode.c.objc; path = EDPropertiesViewControllerText.m; sourceTree = "<group>"; };
		CD3F0AE815C3966100AB7567 /* EDPropertiesViewText.xib */ = {isa = PBXFileReference; fileEncoding = 4; lastKnownFileType = file.xib; path = EDPropertiesViewText.xib; sourceTree = "<group>"; };
		CD3F0AF015C4772700AB7567 /* EDPropertiesViewControllerGraph.h */ = {isa = PBXFileReference; fileEncoding = 4; lastKnownFileType = sourcecode.c.h; path = EDPropertiesViewControllerGraph.h; sourceTree = "<group>"; };
		CD3F0AF115C4772700AB7567 /* EDPropertiesViewControllerGraph.m */ = {isa = PBXFileReference; fileEncoding = 4; lastKnownFileType = sourcecode.c.objc; path = EDPropertiesViewControllerGraph.m; sourceTree = "<group>"; };
		CD3F0AF215C4772700AB7567 /* EDPropertiesViewGraph.xib */ = {isa = PBXFileReference; fileEncoding = 4; lastKnownFileType = file.xib; path = EDPropertiesViewGraph.xib; sourceTree = "<group>"; };
		CD41B54B15BB024C00640E73 /* EDWorksheetView.h */ = {isa = PBXFileReference; fileEncoding = 4; lastKnownFileType = sourcecode.c.h; path = EDWorksheetView.h; sourceTree = "<group>"; };
		CD41B54C15BB024C00640E73 /* EDWorksheetView.m */ = {isa = PBXFileReference; fileEncoding = 4; lastKnownFileType = sourcecode.c.objc; path = EDWorksheetView.m; sourceTree = "<group>"; };
		CD41B54E15BB046B00640E73 /* EDWorksheetViewController.h */ = {isa = PBXFileReference; fileEncoding = 4; lastKnownFileType = sourcecode.c.h; path = EDWorksheetViewController.h; sourceTree = "<group>"; };
		CD41B54F15BB046B00640E73 /* EDWorksheetViewController.m */ = {isa = PBXFileReference; fileEncoding = 4; lastKnownFileType = sourcecode.c.objc; path = EDWorksheetViewController.m; sourceTree = "<group>"; };
		CD47111D15BA1647008AACC3 /* GraphPouch.app */ = {isa = PBXFileReference; explicitFileType = wrapper.application; includeInIndex = 0; path = GraphPouch.app; sourceTree = BUILT_PRODUCTS_DIR; };
		CD47112115BA1647008AACC3 /* Cocoa.framework */ = {isa = PBXFileReference; lastKnownFileType = wrapper.framework; name = Cocoa.framework; path = System/Library/Frameworks/Cocoa.framework; sourceTree = SDKROOT; };
		CD47112415BA1647008AACC3 /* AppKit.framework */ = {isa = PBXFileReference; lastKnownFileType = wrapper.framework; name = AppKit.framework; path = System/Library/Frameworks/AppKit.framework; sourceTree = SDKROOT; };
		CD47112515BA1647008AACC3 /* CoreData.framework */ = {isa = PBXFileReference; lastKnownFileType = wrapper.framework; name = CoreData.framework; path = System/Library/Frameworks/CoreData.framework; sourceTree = SDKROOT; };
		CD47112615BA1647008AACC3 /* Foundation.framework */ = {isa = PBXFileReference; lastKnownFileType = wrapper.framework; name = Foundation.framework; path = System/Library/Frameworks/Foundation.framework; sourceTree = SDKROOT; };
		CD47112915BA1647008AACC3 /* GraphPouch-Info.plist */ = {isa = PBXFileReference; lastKnownFileType = text.plist.xml; path = "GraphPouch-Info.plist"; sourceTree = "<group>"; };
		CD47112B15BA1647008AACC3 /* en */ = {isa = PBXFileReference; lastKnownFileType = text.plist.strings; name = en; path = en.lproj/InfoPlist.strings; sourceTree = "<group>"; };
		CD47112D15BA1647008AACC3 /* main.m */ = {isa = PBXFileReference; lastKnownFileType = sourcecode.c.objc; path = main.m; sourceTree = "<group>"; };
		CD47112F15BA1647008AACC3 /* GraphPouch-Prefix.pch */ = {isa = PBXFileReference; lastKnownFileType = sourcecode.c.h; path = "GraphPouch-Prefix.pch"; sourceTree = "<group>"; };
		CD47113115BA1647008AACC3 /* en */ = {isa = PBXFileReference; lastKnownFileType = text.rtf; name = en; path = en.lproj/Credits.rtf; sourceTree = "<group>"; };
		CD47113315BA1647008AACC3 /* EDDocument.h */ = {isa = PBXFileReference; lastKnownFileType = sourcecode.c.h; path = EDDocument.h; sourceTree = "<group>"; };
		CD47113415BA1647008AACC3 /* EDDocument.m */ = {isa = PBXFileReference; lastKnownFileType = sourcecode.c.objc; path = EDDocument.m; sourceTree = "<group>"; };
		CD47113715BA1647008AACC3 /* en */ = {isa = PBXFileReference; lastKnownFileType = file.xib; name = en; path = en.lproj/EDDocument.xib; sourceTree = "<group>"; };
		CD47113A15BA1647008AACC3 /* en */ = {isa = PBXFileReference; lastKnownFileType = file.xib; name = en; path = en.lproj/MainMenu.xib; sourceTree = "<group>"; };
		CD47113D15BA1647008AACC3 /* EDDocument.xcdatamodel */ = {isa = PBXFileReference; lastKnownFileType = wrapper.xcdatamodel; path = EDDocument.xcdatamodel; sourceTree = "<group>"; };
		CD47114415BA1C0C008AACC3 /* EDGraphArrayController.h */ = {isa = PBXFileReference; fileEncoding = 4; lastKnownFileType = sourcecode.c.h; path = EDGraphArrayController.h; sourceTree = "<group>"; };
		CD47114515BA1C0C008AACC3 /* EDGraphArrayController.m */ = {isa = PBXFileReference; fileEncoding = 4; lastKnownFileType = sourcecode.c.objc; path = EDGraphArrayController.m; sourceTree = "<group>"; };
		CDE6D61A15DC476B00E5695F /* NSManagedObject+Attributes.h */ = {isa = PBXFileReference; fileEncoding = 4; lastKnownFileType = sourcecode.c.h; path = "NSManagedObject+Attributes.h"; sourceTree = "<group>"; };
		CDE6D61B15DC476B00E5695F /* NSManagedObject+Attributes.m */ = {isa = PBXFileReference; fileEncoding = 4; lastKnownFileType = sourcecode.c.objc; path = "NSManagedObject+Attributes.m"; sourceTree = "<group>"; };
		CDE6D62E15DE774000E5695F /* EDElement.h */ = {isa = PBXFileReference; fileEncoding = 4; lastKnownFileType = sourcecode.c.h; path = EDElement.h; sourceTree = "<group>"; };
		CDE6D62F15DE774000E5695F /* EDElement.m */ = {isa = PBXFileReference; fileEncoding = 4; lastKnownFileType = sourcecode.c.objc; path = EDElement.m; sourceTree = "<group>"; };
		CDE6D65415E111C700E5695F /* EDWindow.h */ = {isa = PBXFileReference; fileEncoding = 4; lastKnownFileType = sourcecode.c.h; path = EDWindow.h; sourceTree = "<group>"; };
		CDE6D65515E111C700E5695F /* EDWindow.m */ = {isa = PBXFileReference; fileEncoding = 4; lastKnownFileType = sourcecode.c.objc; path = EDWindow.m; sourceTree = "<group>"; };
		CDF7D84D15CEC3A00072B8BB /* NSManagedObject+EasyFetching.h */ = {isa = PBXFileReference; fileEncoding = 4; lastKnownFileType = sourcecode.c.h; path = "NSManagedObject+EasyFetching.h"; sourceTree = "<group>"; };
		CDF7D84E15CEC3A00072B8BB /* NSManagedObject+EasyFetching.m */ = {isa = PBXFileReference; fileEncoding = 4; lastKnownFileType = sourcecode.c.objc; path = "NSManagedObject+EasyFetching.m"; sourceTree = "<group>"; };
/* End PBXFileReference section */

/* Begin PBXFrameworksBuildPhase section */
		CD47111A15BA1647008AACC3 /* Frameworks */ = {
			isa = PBXFrameworksBuildPhase;
			buildActionMask = 2147483647;
			files = (
				CD47112215BA1647008AACC3 /* Cocoa.framework in Frameworks */,
			);
			runOnlyForDeploymentPostprocessing = 0;
		};
/* End PBXFrameworksBuildPhase section */

/* Begin PBXGroup section */
		CD3F0AF515C4774900AB7567 /* View+Controllers */ = {
			isa = PBXGroup;
			children = (
				CDE6D65215E111A800E5695F /* Window */,
				CD3F0AF915C4776900AB7567 /* Menu */,
				CD3F0AF815C4776100AB7567 /* Worksheet */,
			);
			name = "View+Controllers";
			sourceTree = "<group>";
		};
		CD3F0AF715C4775900AB7567 /* Model */ = {
			isa = PBXGroup;
			children = (
				CD27665315D996E900162240 /* EDGraph.h */,
				CD27665415D996E900162240 /* EDGraph.m */,
				CD1422C515C7590700F55819 /* EDCoreDataUtility.h */,
				CD1422C615C7590700F55819 /* EDCoreDataUtility.m */,
				CD47114415BA1C0C008AACC3 /* EDGraphArrayController.h */,
				CD47114515BA1C0C008AACC3 /* EDGraphArrayController.m */,
				CD47113C15BA1647008AACC3 /* EDDocument.xcdatamodeld */,
				CDE6D62E15DE774000E5695F /* EDElement.h */,
				CDE6D62F15DE774000E5695F /* EDElement.m */,
				CDE6D61A15DC476B00E5695F /* NSManagedObject+Attributes.h */,
				CDE6D61B15DC476B00E5695F /* NSManagedObject+Attributes.m */,
				CDF7D84D15CEC3A00072B8BB /* NSManagedObject+EasyFetching.h */,
				CDF7D84E15CEC3A00072B8BB /* NSManagedObject+EasyFetching.m */,
			);
			name = Model;
			sourceTree = "<group>";
		};
		CD3F0AF815C4776100AB7567 /* Worksheet */ = {
			isa = PBXGroup;
			children = (
				CD41B54B15BB024C00640E73 /* EDWorksheetView.h */,
				CD41B54C15BB024C00640E73 /* EDWorksheetView.m */,
				CD3F0AC315C22F0B00AB7567 /* EDWorksheetElementView.h */,
				CD3F0AC415C22F0B00AB7567 /* EDWorksheetElementView.m */,
				CD41B54E15BB046B00640E73 /* EDWorksheetViewController.h */,
				CD41B54F15BB046B00640E73 /* EDWorksheetViewController.m */,
				CD3F0B0215C4785600AB7567 /* Table */,
				CD3F0B0115C4784A00AB7567 /* Line */,
				CD3F0B0015C4784600AB7567 /* Text */,
				CD3F0AFF15C4784000AB7567 /* Graph */,
			);
			name = Worksheet;
			sourceTree = "<group>";
		};
		CD3F0AF915C4776900AB7567 /* Menu */ = {
			isa = PBXGroup;
			children = (
				CD3F0AFB15C477CE00AB7567 /* Properties */,
			);
			name = Menu;
			sourceTree = "<group>";
		};
		CD3F0AFA15C4777600AB7567 /* Constants */ = {
			isa = PBXGroup;
			children = (
				CD015FCC15BA66CA0096CDF9 /* EDConstants.h */,
				CD015FCD15BA66CA0096CDF9 /* EDConstants.m */,
			);
			name = Constants;
			sourceTree = "<group>";
		};
		CD3F0AFB15C477CE00AB7567 /* Properties */ = {
			isa = PBXGroup;
			children = (
				CD3F0ADA15C3844000AB7567 /* EDPropertiesView.xib */,
				CD3F0AD815C3844000AB7567 /* EDPropertiesController.h */,
				CD3F0AD915C3844000AB7567 /* EDPropertiesController.m */,
				CD3F0AFE15C4781E00AB7567 /* Text */,
				CD3F0AFD15C4781700AB7567 /* Graph */,
			);
			name = Properties;
			sourceTree = "<group>";
		};
		CD3F0AFD15C4781700AB7567 /* Graph */ = {
			isa = PBXGroup;
			children = (
				CD3F0AF015C4772700AB7567 /* EDPropertiesViewControllerGraph.h */,
				CD3F0AF115C4772700AB7567 /* EDPropertiesViewControllerGraph.m */,
				CD3F0AF215C4772700AB7567 /* EDPropertiesViewGraph.xib */,
			);
			name = Graph;
			sourceTree = "<group>";
		};
		CD3F0AFE15C4781E00AB7567 /* Text */ = {
			isa = PBXGroup;
			children = (
				CD3F0AE615C3966100AB7567 /* EDPropertiesViewControllerText.h */,
				CD3F0AE715C3966100AB7567 /* EDPropertiesViewControllerText.m */,
				CD3F0AE815C3966100AB7567 /* EDPropertiesViewText.xib */,
			);
			name = Text;
			sourceTree = "<group>";
		};
		CD3F0AFF15C4784000AB7567 /* Graph */ = {
			isa = PBXGroup;
			children = (
				CD3F0A9815BDF93400AB7567 /* EDGraphView.h */,
				CD3F0A9915BDF93400AB7567 /* EDGraphView.m */,
				CD3F0A9A15BDF93400AB7567 /* EDGraphViewController.h */,
				CD3F0A9B15BDF93400AB7567 /* EDGraphViewController.m */,
			);
			name = Graph;
			sourceTree = "<group>";
		};
		CD3F0B0015C4784600AB7567 /* Text */ = {
			isa = PBXGroup;
			children = (
			);
			name = Text;
			sourceTree = "<group>";
		};
		CD3F0B0115C4784A00AB7567 /* Line */ = {
			isa = PBXGroup;
			children = (
			);
			name = Line;
			sourceTree = "<group>";
		};
		CD3F0B0215C4785600AB7567 /* Table */ = {
			isa = PBXGroup;
			children = (
			);
			name = Table;
			sourceTree = "<group>";
		};
		CD47111215BA1646008AACC3 = {
			isa = PBXGroup;
			children = (
				CD47112715BA1647008AACC3 /* GraphPouch */,
				CD47112015BA1647008AACC3 /* Frameworks */,
				CD47111E15BA1647008AACC3 /* Products */,
			);
			sourceTree = "<group>";
		};
		CD47111E15BA1647008AACC3 /* Products */ = {
			isa = PBXGroup;
			children = (
				CD47111D15BA1647008AACC3 /* GraphPouch.app */,
			);
			name = Products;
			sourceTree = "<group>";
		};
		CD47112015BA1647008AACC3 /* Frameworks */ = {
			isa = PBXGroup;
			children = (
				CD47112115BA1647008AACC3 /* Cocoa.framework */,
				CD47112315BA1647008AACC3 /* Other Frameworks */,
			);
			name = Frameworks;
			sourceTree = "<group>";
		};
		CD47112315BA1647008AACC3 /* Other Frameworks */ = {
			isa = PBXGroup;
			children = (
				CD47112415BA1647008AACC3 /* AppKit.framework */,
				CD47112515BA1647008AACC3 /* CoreData.framework */,
				CD47112615BA1647008AACC3 /* Foundation.framework */,
			);
			name = "Other Frameworks";
			sourceTree = "<group>";
		};
		CD47112715BA1647008AACC3 /* GraphPouch */ = {
			isa = PBXGroup;
			children = (
				CD47113315BA1647008AACC3 /* EDDocument.h */,
				CD47113415BA1647008AACC3 /* EDDocument.m */,
				CD47113615BA1647008AACC3 /* EDDocument.xib */,
				CD47113915BA1647008AACC3 /* MainMenu.xib */,
				CD3F0AFA15C4777600AB7567 /* Constants */,
				CD3F0AF715C4775900AB7567 /* Model */,
				CD3F0AF515C4774900AB7567 /* View+Controllers */,
				CD47112815BA1647008AACC3 /* Supporting Files */,
			);
			path = GraphPouch;
			sourceTree = "<group>";
		};
		CD47112815BA1647008AACC3 /* Supporting Files */ = {
			isa = PBXGroup;
			children = (
				CD47112915BA1647008AACC3 /* GraphPouch-Info.plist */,
				CD47112A15BA1647008AACC3 /* InfoPlist.strings */,
				CD47112D15BA1647008AACC3 /* main.m */,
				CD47112F15BA1647008AACC3 /* GraphPouch-Prefix.pch */,
				CD47113015BA1647008AACC3 /* Credits.rtf */,
			);
			name = "Supporting Files";
			sourceTree = "<group>";
		};
		CDE6D65215E111A800E5695F /* Window */ = {
			isa = PBXGroup;
			children = (
				CDE6D65415E111C700E5695F /* EDWindow.h */,
				CDE6D65515E111C700E5695F /* EDWindow.m */,
			);
			name = Window;
			sourceTree = "<group>";
		};
/* End PBXGroup section */

/* Begin PBXNativeTarget section */
		CD47111C15BA1647008AACC3 /* GraphPouch */ = {
			isa = PBXNativeTarget;
			buildConfigurationList = CD47114115BA1647008AACC3 /* Build configuration list for PBXNativeTarget "GraphPouch" */;
			buildPhases = (
				CD47111915BA1647008AACC3 /* Sources */,
				CD47111A15BA1647008AACC3 /* Frameworks */,
				CD47111B15BA1647008AACC3 /* Resources */,
			);
			buildRules = (
			);
			dependencies = (
			);
			name = GraphPouch;
			productName = GraphPouch;
			productReference = CD47111D15BA1647008AACC3 /* GraphPouch.app */;
			productType = "com.apple.product-type.application";
		};
/* End PBXNativeTarget section */

/* Begin PBXProject section */
		CD47111415BA1646008AACC3 /* Project object */ = {
			isa = PBXProject;
			attributes = {
				CLASSPREFIX = ED;
				LastUpgradeCheck = 0430;
				ORGANIZATIONNAME = "Patrick Lee";
			};
			buildConfigurationList = CD47111715BA1646008AACC3 /* Build configuration list for PBXProject "GraphPouch" */;
			compatibilityVersion = "Xcode 3.2";
			developmentRegion = English;
			hasScannedForEncodings = 0;
			knownRegions = (
				en,
			);
			mainGroup = CD47111215BA1646008AACC3;
			productRefGroup = CD47111E15BA1647008AACC3 /* Products */;
			projectDirPath = "";
			projectRoot = "";
			targets = (
				CD47111C15BA1647008AACC3 /* GraphPouch */,
			);
		};
/* End PBXProject section */

/* Begin PBXResourcesBuildPhase section */
		CD47111B15BA1647008AACC3 /* Resources */ = {
			isa = PBXResourcesBuildPhase;
			buildActionMask = 2147483647;
			files = (
				CD47112C15BA1647008AACC3 /* InfoPlist.strings in Resources */,
				CD47113215BA1647008AACC3 /* Credits.rtf in Resources */,
				CD47113815BA1647008AACC3 /* EDDocument.xib in Resources */,
				CD47113B15BA1647008AACC3 /* MainMenu.xib in Resources */,
				CD3F0ADC15C3844000AB7567 /* EDPropertiesView.xib in Resources */,
				CD3F0AEA15C3966100AB7567 /* EDPropertiesViewText.xib in Resources */,
				CD3F0AF415C4772700AB7567 /* EDPropertiesViewGraph.xib in Resources */,
			);
			runOnlyForDeploymentPostprocessing = 0;
		};
/* End PBXResourcesBuildPhase section */

/* Begin PBXSourcesBuildPhase section */
		CD47111915BA1647008AACC3 /* Sources */ = {
			isa = PBXSourcesBuildPhase;
			buildActionMask = 2147483647;
			files = (
				CD47112E15BA1647008AACC3 /* main.m in Sources */,
				CD47113515BA1647008AACC3 /* EDDocument.m in Sources */,
				CD47113E15BA1647008AACC3 /* EDDocument.xcdatamodeld in Sources */,
				CD47114615BA1C0C008AACC3 /* EDGraphArrayController.m in Sources */,
				CD015FCE15BA66CA0096CDF9 /* EDConstants.m in Sources */,
				CD41B54D15BB024C00640E73 /* EDWorksheetView.m in Sources */,
				CD41B55015BB046B00640E73 /* EDWorksheetViewController.m in Sources */,
				CD3F0A9C15BDF93400AB7567 /* EDGraphView.m in Sources */,
				CD3F0A9D15BDF93400AB7567 /* EDGraphViewController.m in Sources */,
				CD3F0AC515C22F0B00AB7567 /* EDWorksheetElementView.m in Sources */,
				CD3F0ADB15C3844000AB7567 /* EDPropertiesController.m in Sources */,
				CD3F0AE915C3966100AB7567 /* EDPropertiesViewControllerText.m in Sources */,
				CD3F0AF315C4772700AB7567 /* EDPropertiesViewControllerGraph.m in Sources */,
				CD1422C715C7590700F55819 /* EDCoreDataUtility.m in Sources */,
				CDF7D84F15CEC3A00072B8BB /* NSManagedObject+EasyFetching.m in Sources */,
				CD27665515D996E900162240 /* EDGraph.m in Sources */,
				CDE6D61C15DC476B00E5695F /* NSManagedObject+Attributes.m in Sources */,
				CDE6D63015DE774100E5695F /* EDElement.m in Sources */,
				CDE6D65615E111C700E5695F /* EDWindow.m in Sources */,
			);
			runOnlyForDeploymentPostprocessing = 0;
		};
/* End PBXSourcesBuildPhase section */

/* Begin PBXVariantGroup section */
		CD47112A15BA1647008AACC3 /* InfoPlist.strings */ = {
			isa = PBXVariantGroup;
			children = (
				CD47112B15BA1647008AACC3 /* en */,
			);
			name = InfoPlist.strings;
			sourceTree = "<group>";
		};
		CD47113015BA1647008AACC3 /* Credits.rtf */ = {
			isa = PBXVariantGroup;
			children = (
				CD47113115BA1647008AACC3 /* en */,
			);
			name = Credits.rtf;
			sourceTree = "<group>";
		};
		CD47113615BA1647008AACC3 /* EDDocument.xib */ = {
			isa = PBXVariantGroup;
			children = (
				CD47113715BA1647008AACC3 /* en */,
			);
			name = EDDocument.xib;
			sourceTree = "<group>";
		};
		CD47113915BA1647008AACC3 /* MainMenu.xib */ = {
			isa = PBXVariantGroup;
			children = (
				CD47113A15BA1647008AACC3 /* en */,
			);
			name = MainMenu.xib;
			sourceTree = "<group>";
		};
/* End PBXVariantGroup section */

/* Begin XCBuildConfiguration section */
		CD47113F15BA1647008AACC3 /* Debug */ = {
			isa = XCBuildConfiguration;
			buildSettings = {
				ALWAYS_SEARCH_USER_PATHS = NO;
				ARCHS = "$(ARCHS_STANDARD_64_BIT)";
				CLANG_ENABLE_OBJC_ARC = YES;
				COPY_PHASE_STRIP = NO;
				GCC_C_LANGUAGE_STANDARD = gnu99;
				GCC_DYNAMIC_NO_PIC = NO;
				GCC_ENABLE_OBJC_EXCEPTIONS = YES;
				GCC_OPTIMIZATION_LEVEL = 0;
				GCC_PREPROCESSOR_DEFINITIONS = (
					"DEBUG=1",
					"$(inherited)",
				);
				GCC_SYMBOLS_PRIVATE_EXTERN = NO;
				GCC_VERSION = com.apple.compilers.llvm.clang.1_0;
				GCC_WARN_64_TO_32_BIT_CONVERSION = YES;
				GCC_WARN_ABOUT_RETURN_TYPE = YES;
				GCC_WARN_UNINITIALIZED_AUTOS = YES;
				GCC_WARN_UNUSED_VARIABLE = YES;
				MACOSX_DEPLOYMENT_TARGET = 10.7;
				ONLY_ACTIVE_ARCH = YES;
				SDKROOT = macosx;
			};
			name = Debug;
		};
		CD47114015BA1647008AACC3 /* Release */ = {
			isa = XCBuildConfiguration;
			buildSettings = {
				ALWAYS_SEARCH_USER_PATHS = NO;
				ARCHS = "$(ARCHS_STANDARD_64_BIT)";
				CLANG_ENABLE_OBJC_ARC = YES;
				COPY_PHASE_STRIP = YES;
				DEBUG_INFORMATION_FORMAT = "dwarf-with-dsym";
				GCC_C_LANGUAGE_STANDARD = gnu99;
				GCC_ENABLE_OBJC_EXCEPTIONS = YES;
				GCC_VERSION = com.apple.compilers.llvm.clang.1_0;
				GCC_WARN_64_TO_32_BIT_CONVERSION = YES;
				GCC_WARN_ABOUT_RETURN_TYPE = YES;
				GCC_WARN_UNINITIALIZED_AUTOS = YES;
				GCC_WARN_UNUSED_VARIABLE = YES;
				MACOSX_DEPLOYMENT_TARGET = 10.7;
				SDKROOT = macosx;
			};
			name = Release;
		};
		CD47114215BA1647008AACC3 /* Debug */ = {
			isa = XCBuildConfiguration;
			buildSettings = {
				GCC_PRECOMPILE_PREFIX_HEADER = YES;
				GCC_PREFIX_HEADER = "GraphPouch/GraphPouch-Prefix.pch";
				INFOPLIST_FILE = "GraphPouch/GraphPouch-Info.plist";
				OTHER_LDFLAGS = "";
				PRODUCT_NAME = "$(TARGET_NAME)";
				WRAPPER_EXTENSION = app;
			};
			name = Debug;
		};
		CD47114315BA1647008AACC3 /* Release */ = {
			isa = XCBuildConfiguration;
			buildSettings = {
				GCC_PRECOMPILE_PREFIX_HEADER = YES;
				GCC_PREFIX_HEADER = "GraphPouch/GraphPouch-Prefix.pch";
				INFOPLIST_FILE = "GraphPouch/GraphPouch-Info.plist";
				OTHER_LDFLAGS = "";
				PRODUCT_NAME = "$(TARGET_NAME)";
				WRAPPER_EXTENSION = app;
			};
			name = Release;
		};
/* End XCBuildConfiguration section */

/* Begin XCConfigurationList section */
		CD47111715BA1646008AACC3 /* Build configuration list for PBXProject "GraphPouch" */ = {
			isa = XCConfigurationList;
			buildConfigurations = (
				CD47113F15BA1647008AACC3 /* Debug */,
				CD47114015BA1647008AACC3 /* Release */,
			);
			defaultConfigurationIsVisible = 0;
			defaultConfigurationName = Release;
		};
		CD47114115BA1647008AACC3 /* Build configuration list for PBXNativeTarget "GraphPouch" */ = {
			isa = XCConfigurationList;
			buildConfigurations = (
				CD47114215BA1647008AACC3 /* Debug */,
				CD47114315BA1647008AACC3 /* Release */,
			);
			defaultConfigurationIsVisible = 0;
			defaultConfigurationName = Release;
		};
/* End XCConfigurationList section */

/* Begin XCVersionGroup section */
		CD47113C15BA1647008AACC3 /* EDDocument.xcdatamodeld */ = {
			isa = XCVersionGroup;
			children = (
				CD47113D15BA1647008AACC3 /* EDDocument.xcdatamodel */,
			);
			currentVersion = CD47113D15BA1647008AACC3 /* EDDocument.xcdatamodel */;
			path = EDDocument.xcdatamodeld;
			sourceTree = "<group>";
			versionGroupType = wrapper.xcdatamodel;
		};
/* End XCVersionGroup section */
	};
	rootObject = CD47111415BA1646008AACC3 /* Project object */;
}
