// !$*UTF8*$!
{
	archiveVersion = 1;
	classes = {
	};
	objectVersion = 46;
	objects = {

/* Begin PBXBuildFile section */
		CD015FCE15BA66CA0096CDF9 /* EDConstants.m in Sources */ = {isa = PBXBuildFile; fileRef = CD015FCD15BA66CA0096CDF9 /* EDConstants.m */; };
		CD1422C715C7590700F55819 /* EDCoreDataUtility.m in Sources */ = {isa = PBXBuildFile; fileRef = CD1422C615C7590700F55819 /* EDCoreDataUtility.m */; };
		CD1C57AD161B9AB200534D49 /* EDPageArrayController.m in Sources */ = {isa = PBXBuildFile; fileRef = CD1C57AC161B9AB200534D49 /* EDPageArrayController.m */; };
		CD1C57BA161BB26A00534D49 /* EDPagesViewController.m in Sources */ = {isa = PBXBuildFile; fileRef = CD1C57B9161BB26A00534D49 /* EDPagesViewController.m */; };
		CD1C57BE161BCAA100534D49 /* EDPageViewController.m in Sources */ = {isa = PBXBuildFile; fileRef = CD1C57BC161BCAA100534D49 /* EDPageViewController.m */; };
		CD1C57C6161D13B900534D49 /* EDPageView.m in Sources */ = {isa = PBXBuildFile; fileRef = CD1C57C5161D13B900534D49 /* EDPageView.m */; };
		CD1C57CA161D153300534D49 /* EDPagesView.m in Sources */ = {isa = PBXBuildFile; fileRef = CD1C57C9161D153200534D49 /* EDPagesView.m */; };
		CD1C57DF161E750400534D49 /* EDPageView.xib in Resources */ = {isa = PBXBuildFile; fileRef = CD1C57DE161E750400534D49 /* EDPageView.xib */; };
		CD1D02FF15E83F1600C88A7A /* EDMenuViewController.m in Sources */ = {isa = PBXBuildFile; fileRef = CD1D02FE15E83F1600C88A7A /* EDMenuViewController.m */; };
		CD1D032815EC1BCA00C88A7A /* EDMenuWindowAlignController.m in Sources */ = {isa = PBXBuildFile; fileRef = CD1D032615EC1BCA00C88A7A /* EDMenuWindowAlignController.m */; };
		CD1D032915EC1BCA00C88A7A /* EDMenuWindowAlign.xib in Resources */ = {isa = PBXBuildFile; fileRef = CD1D032715EC1BCA00C88A7A /* EDMenuWindowAlign.xib */; };
		CD1EBD3315FC587B00BEEA4D /* EDMenuController.m in Sources */ = {isa = PBXBuildFile; fileRef = CD1EBD3215FC587B00BEEA4D /* EDMenuController.m */; };
		CD1EBD4F15FED23F00BEEA4D /* EDPanelViewController.m in Sources */ = {isa = PBXBuildFile; fileRef = CD1EBD4E15FED23F00BEEA4D /* EDPanelViewController.m */; };
		CD1EBD5B15FED4B800BEEA4D /* EDPanelPropertiesController.m in Sources */ = {isa = PBXBuildFile; fileRef = CD1EBD5A15FED4B800BEEA4D /* EDPanelPropertiesController.m */; };
		CD1EBD6815FED65A00BEEA4D /* EDPanelProperties.xib in Resources */ = {isa = PBXBuildFile; fileRef = CD1EBD6515FED65A00BEEA4D /* EDPanelProperties.xib */; };
		CD1EBD6915FED65B00BEEA4D /* EDPanelPropertiesDocument.xib in Resources */ = {isa = PBXBuildFile; fileRef = CD1EBD6615FED65A00BEEA4D /* EDPanelPropertiesDocument.xib */; };
		CD1EBD6A15FED65B00BEEA4D /* EDPanelPropertiesGraph.xib in Resources */ = {isa = PBXBuildFile; fileRef = CD1EBD6715FED65A00BEEA4D /* EDPanelPropertiesGraph.xib */; };
		CD1EBD7415FED75900BEEA4D /* EDPanelPropertiesDocumentController.m in Sources */ = {isa = PBXBuildFile; fileRef = CD1EBD7115FED75800BEEA4D /* EDPanelPropertiesDocumentController.m */; };
		CD1EBD7515FED75900BEEA4D /* EDPanelPropertiesGraphController.m in Sources */ = {isa = PBXBuildFile; fileRef = CD1EBD7315FED75900BEEA4D /* EDPanelPropertiesGraphController.m */; };
		CD1EBD89160011CC00BEEA4D /* EDFormatterDecimalUnsigned.m in Sources */ = {isa = PBXBuildFile; fileRef = CD1EBD88160011CC00BEEA4D /* EDFormatterDecimalUnsigned.m */; };
		CD1EBD8C160013D200BEEA4D /* EDFormatterDecimalSigned.m in Sources */ = {isa = PBXBuildFile; fileRef = CD1EBD8B160013D200BEEA4D /* EDFormatterDecimalSigned.m */; };
		CD2DD578163ED449006557FC /* EDCoreDataUtility+Pages.m in Sources */ = {isa = PBXBuildFile; fileRef = CD2DD577163ED449006557FC /* EDCoreDataUtility+Pages.m */; };
		CD2DD5BC1646BC42006557FC /* EDGraph.m in Sources */ = {isa = PBXBuildFile; fileRef = CD2DD5BB1646BC42006557FC /* EDGraph.m */; };
		CD2DD5CF16470906006557FC /* EDPoint.m in Sources */ = {isa = PBXBuildFile; fileRef = CD2DD5CE16470906006557FC /* EDPoint.m */; };
		CD2DD5D416474144006557FC /* EDPanelPropertiesGraphTablePoints.m in Sources */ = {isa = PBXBuildFile; fileRef = CD2DD5D316474144006557FC /* EDPanelPropertiesGraphTablePoints.m */; };
		CD2DD5DB1648813F006557FC /* NSMutableArray+Utilities.m in Sources */ = {isa = PBXBuildFile; fileRef = CD2DD5DA1648813F006557FC /* NSMutableArray+Utilities.m */; };
		CD3A4FE516359FC90042B6DD /* EDPage.m in Sources */ = {isa = PBXBuildFile; fileRef = CD3A4FE416359FC90042B6DD /* EDPage.m */; };
		CD3F0A9C15BDF93400AB7567 /* EDGraphView.m in Sources */ = {isa = PBXBuildFile; fileRef = CD3F0A9915BDF93400AB7567 /* EDGraphView.m */; };
		CD3F0A9D15BDF93400AB7567 /* EDGraphViewController.m in Sources */ = {isa = PBXBuildFile; fileRef = CD3F0A9B15BDF93400AB7567 /* EDGraphViewController.m */; };
		CD3F0AC515C22F0B00AB7567 /* EDWorksheetElementView.m in Sources */ = {isa = PBXBuildFile; fileRef = CD3F0AC415C22F0B00AB7567 /* EDWorksheetElementView.m */; };
		CD41B54D15BB024C00640E73 /* EDWorksheetView.m in Sources */ = {isa = PBXBuildFile; fileRef = CD41B54C15BB024C00640E73 /* EDWorksheetView.m */; };
		CD41B55015BB046B00640E73 /* EDWorksheetViewController.m in Sources */ = {isa = PBXBuildFile; fileRef = CD41B54F15BB046B00640E73 /* EDWorksheetViewController.m */; };
		CD47112215BA1647008AACC3 /* Cocoa.framework in Frameworks */ = {isa = PBXBuildFile; fileRef = CD47112115BA1647008AACC3 /* Cocoa.framework */; };
		CD47112C15BA1647008AACC3 /* InfoPlist.strings in Resources */ = {isa = PBXBuildFile; fileRef = CD47112A15BA1647008AACC3 /* InfoPlist.strings */; };
		CD47112E15BA1647008AACC3 /* main.m in Sources */ = {isa = PBXBuildFile; fileRef = CD47112D15BA1647008AACC3 /* main.m */; };
		CD47113215BA1647008AACC3 /* Credits.rtf in Resources */ = {isa = PBXBuildFile; fileRef = CD47113015BA1647008AACC3 /* Credits.rtf */; };
		CD47113515BA1647008AACC3 /* EDDocument.m in Sources */ = {isa = PBXBuildFile; fileRef = CD47113415BA1647008AACC3 /* EDDocument.m */; };
		CD47113815BA1647008AACC3 /* EDDocument.xib in Resources */ = {isa = PBXBuildFile; fileRef = CD47113615BA1647008AACC3 /* EDDocument.xib */; };
		CD47113B15BA1647008AACC3 /* MainMenu.xib in Resources */ = {isa = PBXBuildFile; fileRef = CD47113915BA1647008AACC3 /* MainMenu.xib */; };
		CD47113E15BA1647008AACC3 /* EDDocument.xcdatamodeld in Sources */ = {isa = PBXBuildFile; fileRef = CD47113C15BA1647008AACC3 /* EDDocument.xcdatamodeld */; };
		CD47114615BA1C0C008AACC3 /* EDGraphArrayController.m in Sources */ = {isa = PBXBuildFile; fileRef = CD47114515BA1C0C008AACC3 /* EDGraphArrayController.m */; };
		CD5EE20216012A690027EFC6 /* NSObject+Document.m in Sources */ = {isa = PBXBuildFile; fileRef = CD5EE20116012A690027EFC6 /* NSObject+Document.m */; };
		CD6DF301160D181900935BF2 /* EDTransformCornerPoint.m in Sources */ = {isa = PBXBuildFile; fileRef = CD6DF300160D181900935BF2 /* EDTransformCornerPoint.m */; };
		CDA6644A15F026DC002FBE2F /* EDMenuWindowController.m in Sources */ = {isa = PBXBuildFile; fileRef = CDA6644915F026DC002FBE2F /* EDMenuWindowController.m */; };
		CDA8555816236EF9006FCD62 /* EDContentView.m in Sources */ = {isa = PBXBuildFile; fileRef = CDA8555716236EF9006FCD62 /* EDContentView.m */; };
		CDAC3748161112E700545F1E /* NSMutableDictionary+Utilities.m in Sources */ = {isa = PBXBuildFile; fileRef = CDAC3747161112E700545F1E /* NSMutableDictionary+Utilities.m */; };
		CDD46E531603BE3C00EDD75C /* NSColor+Utilities.m in Sources */ = {isa = PBXBuildFile; fileRef = CDD46E521603BE3C00EDD75C /* NSColor+Utilities.m */; };
		CDD46E611607D1F200EDD75C /* EDTransformRect.m in Sources */ = {isa = PBXBuildFile; fileRef = CDD46E601607D1F200EDD75C /* EDTransformRect.m */; };
		CDD46E651607D22F00EDD75C /* EDTransformPoint.m in Sources */ = {isa = PBXBuildFile; fileRef = CDD46E641607D22F00EDD75C /* EDTransformPoint.m */; };
		CDD46E6816092F2F00EDD75C /* NSObject+Worksheet.m in Sources */ = {isa = PBXBuildFile; fileRef = CDD46E6716092F2E00EDD75C /* NSObject+Worksheet.m */; };
		CDE6D61C15DC476B00E5695F /* NSManagedObject+Attributes.m in Sources */ = {isa = PBXBuildFile; fileRef = CDE6D61B15DC476B00E5695F /* NSManagedObject+Attributes.m */; };
		CDE6D63015DE774100E5695F /* EDElement.m in Sources */ = {isa = PBXBuildFile; fileRef = CDE6D62F15DE774000E5695F /* EDElement.m */; };
		CDE6D65615E111C700E5695F /* EDWindow.m in Sources */ = {isa = PBXBuildFile; fileRef = CDE6D65515E111C700E5695F /* EDWindow.m */; };
		CDE6D66E15E4413100E5695F /* EDAppController.m in Sources */ = {isa = PBXBuildFile; fileRef = CDE6D66D15E4413100E5695F /* EDAppController.m */; };
		CDE6D67015E4429800E5695F /* Preferences.xib in Resources */ = {isa = PBXBuildFile; fileRef = CDE6D66F15E4429800E5695F /* Preferences.xib */; };
		CDE6D67715E4454B00E5695F /* EDPreferenceController.m in Sources */ = {isa = PBXBuildFile; fileRef = CDE6D67615E4454B00E5695F /* EDPreferenceController.m */; };
		CDF7D84F15CEC3A00072B8BB /* NSManagedObject+EasyFetching.m in Sources */ = {isa = PBXBuildFile; fileRef = CDF7D84E15CEC3A00072B8BB /* NSManagedObject+EasyFetching.m */; };
/* End PBXBuildFile section */

/* Begin PBXFileReference section */
		CD015FCC15BA66CA0096CDF9 /* EDConstants.h */ = {isa = PBXFileReference; fileEncoding = 4; lastKnownFileType = sourcecode.c.h; path = EDConstants.h; sourceTree = "<group>"; };
		CD015FCD15BA66CA0096CDF9 /* EDConstants.m */ = {isa = PBXFileReference; fileEncoding = 4; lastKnownFileType = sourcecode.c.objc; path = EDConstants.m; sourceTree = "<group>"; };
		CD1422C515C7590700F55819 /* EDCoreDataUtility.h */ = {isa = PBXFileReference; fileEncoding = 4; lastKnownFileType = sourcecode.c.h; path = EDCoreDataUtility.h; sourceTree = "<group>"; };
		CD1422C615C7590700F55819 /* EDCoreDataUtility.m */ = {isa = PBXFileReference; fileEncoding = 4; lastKnownFileType = sourcecode.c.objc; path = EDCoreDataUtility.m; sourceTree = "<group>"; };
		CD1C57AB161B9AB200534D49 /* EDPageArrayController.h */ = {isa = PBXFileReference; fileEncoding = 4; lastKnownFileType = sourcecode.c.h; path = EDPageArrayController.h; sourceTree = "<group>"; };
		CD1C57AC161B9AB200534D49 /* EDPageArrayController.m */ = {isa = PBXFileReference; fileEncoding = 4; lastKnownFileType = sourcecode.c.objc; path = EDPageArrayController.m; sourceTree = "<group>"; };
		CD1C57B8161BB26A00534D49 /* EDPagesViewController.h */ = {isa = PBXFileReference; fileEncoding = 4; lastKnownFileType = sourcecode.c.h; path = EDPagesViewController.h; sourceTree = "<group>"; };
		CD1C57B9161BB26A00534D49 /* EDPagesViewController.m */ = {isa = PBXFileReference; fileEncoding = 4; lastKnownFileType = sourcecode.c.objc; path = EDPagesViewController.m; sourceTree = "<group>"; };
		CD1C57BB161BCAA100534D49 /* EDPageViewController.h */ = {isa = PBXFileReference; fileEncoding = 4; lastKnownFileType = sourcecode.c.h; path = EDPageViewController.h; sourceTree = "<group>"; };
		CD1C57BC161BCAA100534D49 /* EDPageViewController.m */ = {isa = PBXFileReference; fileEncoding = 4; lastKnownFileType = sourcecode.c.objc; path = EDPageViewController.m; sourceTree = "<group>"; };
		CD1C57C4161D13B900534D49 /* EDPageView.h */ = {isa = PBXFileReference; fileEncoding = 4; lastKnownFileType = sourcecode.c.h; path = EDPageView.h; sourceTree = "<group>"; };
		CD1C57C5161D13B900534D49 /* EDPageView.m */ = {isa = PBXFileReference; fileEncoding = 4; lastKnownFileType = sourcecode.c.objc; path = EDPageView.m; sourceTree = "<group>"; };
		CD1C57C8161D153200534D49 /* EDPagesView.h */ = {isa = PBXFileReference; fileEncoding = 4; lastKnownFileType = sourcecode.c.h; path = EDPagesView.h; sourceTree = "<group>"; };
		CD1C57C9161D153200534D49 /* EDPagesView.m */ = {isa = PBXFileReference; fileEncoding = 4; lastKnownFileType = sourcecode.c.objc; path = EDPagesView.m; sourceTree = "<group>"; };
		CD1C57DE161E750400534D49 /* EDPageView.xib */ = {isa = PBXFileReference; fileEncoding = 4; lastKnownFileType = file.xib; path = EDPageView.xib; sourceTree = "<group>"; };
		CD1D02FD15E83F1600C88A7A /* EDMenuViewController.h */ = {isa = PBXFileReference; fileEncoding = 4; lastKnownFileType = sourcecode.c.h; path = EDMenuViewController.h; sourceTree = "<group>"; };
		CD1D02FE15E83F1600C88A7A /* EDMenuViewController.m */ = {isa = PBXFileReference; fileEncoding = 4; lastKnownFileType = sourcecode.c.objc; path = EDMenuViewController.m; sourceTree = "<group>"; };
		CD1D032515EC1BCA00C88A7A /* EDMenuWindowAlignController.h */ = {isa = PBXFileReference; fileEncoding = 4; lastKnownFileType = sourcecode.c.h; path = EDMenuWindowAlignController.h; sourceTree = "<group>"; };
		CD1D032615EC1BCA00C88A7A /* EDMenuWindowAlignController.m */ = {isa = PBXFileReference; fileEncoding = 4; lastKnownFileType = sourcecode.c.objc; path = EDMenuWindowAlignController.m; sourceTree = "<group>"; };
		CD1D032715EC1BCA00C88A7A /* EDMenuWindowAlign.xib */ = {isa = PBXFileReference; fileEncoding = 4; lastKnownFileType = file.xib; path = EDMenuWindowAlign.xib; sourceTree = "<group>"; };
		CD1EBD3115FC587B00BEEA4D /* EDMenuController.h */ = {isa = PBXFileReference; fileEncoding = 4; lastKnownFileType = sourcecode.c.h; path = EDMenuController.h; sourceTree = "<group>"; };
		CD1EBD3215FC587B00BEEA4D /* EDMenuController.m */ = {isa = PBXFileReference; fileEncoding = 4; lastKnownFileType = sourcecode.c.objc; path = EDMenuController.m; sourceTree = "<group>"; };
		CD1EBD4D15FED23F00BEEA4D /* EDPanelViewController.h */ = {isa = PBXFileReference; fileEncoding = 4; lastKnownFileType = sourcecode.c.h; path = EDPanelViewController.h; sourceTree = "<group>"; };
		CD1EBD4E15FED23F00BEEA4D /* EDPanelViewController.m */ = {isa = PBXFileReference; fileEncoding = 4; lastKnownFileType = sourcecode.c.objc; path = EDPanelViewController.m; sourceTree = "<group>"; };
		CD1EBD5915FED4B800BEEA4D /* EDPanelPropertiesController.h */ = {isa = PBXFileReference; fileEncoding = 4; lastKnownFileType = sourcecode.c.h; path = EDPanelPropertiesController.h; sourceTree = "<group>"; };
		CD1EBD5A15FED4B800BEEA4D /* EDPanelPropertiesController.m */ = {isa = PBXFileReference; fileEncoding = 4; lastKnownFileType = sourcecode.c.objc; path = EDPanelPropertiesController.m; sourceTree = "<group>"; };
		CD1EBD6515FED65A00BEEA4D /* EDPanelProperties.xib */ = {isa = PBXFileReference; fileEncoding = 4; lastKnownFileType = file.xib; path = EDPanelProperties.xib; sourceTree = "<group>"; };
		CD1EBD6615FED65A00BEEA4D /* EDPanelPropertiesDocument.xib */ = {isa = PBXFileReference; fileEncoding = 4; lastKnownFileType = file.xib; path = EDPanelPropertiesDocument.xib; sourceTree = "<group>"; };
		CD1EBD6715FED65A00BEEA4D /* EDPanelPropertiesGraph.xib */ = {isa = PBXFileReference; fileEncoding = 4; lastKnownFileType = file.xib; path = EDPanelPropertiesGraph.xib; sourceTree = "<group>"; };
		CD1EBD7015FED75800BEEA4D /* EDPanelPropertiesDocumentController.h */ = {isa = PBXFileReference; fileEncoding = 4; lastKnownFileType = sourcecode.c.h; path = EDPanelPropertiesDocumentController.h; sourceTree = "<group>"; };
		CD1EBD7115FED75800BEEA4D /* EDPanelPropertiesDocumentController.m */ = {isa = PBXFileReference; fileEncoding = 4; lastKnownFileType = sourcecode.c.objc; path = EDPanelPropertiesDocumentController.m; sourceTree = "<group>"; };
		CD1EBD7215FED75900BEEA4D /* EDPanelPropertiesGraphController.h */ = {isa = PBXFileReference; fileEncoding = 4; lastKnownFileType = sourcecode.c.h; path = EDPanelPropertiesGraphController.h; sourceTree = "<group>"; };
		CD1EBD7315FED75900BEEA4D /* EDPanelPropertiesGraphController.m */ = {isa = PBXFileReference; fileEncoding = 4; lastKnownFileType = sourcecode.c.objc; path = EDPanelPropertiesGraphController.m; sourceTree = "<group>"; };
		CD1EBD87160011CC00BEEA4D /* EDFormatterDecimalUnsigned.h */ = {isa = PBXFileReference; fileEncoding = 4; lastKnownFileType = sourcecode.c.h; path = EDFormatterDecimalUnsigned.h; sourceTree = "<group>"; };
		CD1EBD88160011CC00BEEA4D /* EDFormatterDecimalUnsigned.m */ = {isa = PBXFileReference; fileEncoding = 4; lastKnownFileType = sourcecode.c.objc; path = EDFormatterDecimalUnsigned.m; sourceTree = "<group>"; };
		CD1EBD8A160013D200BEEA4D /* EDFormatterDecimalSigned.h */ = {isa = PBXFileReference; fileEncoding = 4; lastKnownFileType = sourcecode.c.h; path = EDFormatterDecimalSigned.h; sourceTree = "<group>"; };
		CD1EBD8B160013D200BEEA4D /* EDFormatterDecimalSigned.m */ = {isa = PBXFileReference; fileEncoding = 4; lastKnownFileType = sourcecode.c.objc; path = EDFormatterDecimalSigned.m; sourceTree = "<group>"; };
		CD2DD576163ED449006557FC /* EDCoreDataUtility+Pages.h */ = {isa = PBXFileReference; fileEncoding = 4; lastKnownFileType = sourcecode.c.h; path = "EDCoreDataUtility+Pages.h"; sourceTree = "<group>"; };
		CD2DD577163ED449006557FC /* EDCoreDataUtility+Pages.m */ = {isa = PBXFileReference; fileEncoding = 4; lastKnownFileType = sourcecode.c.objc; path = "EDCoreDataUtility+Pages.m"; sourceTree = "<group>"; };
		CD2DD5BA1646BC42006557FC /* EDGraph.h */ = {isa = PBXFileReference; fileEncoding = 4; lastKnownFileType = sourcecode.c.h; path = EDGraph.h; sourceTree = "<group>"; };
		CD2DD5BB1646BC42006557FC /* EDGraph.m */ = {isa = PBXFileReference; fileEncoding = 4; lastKnownFileType = sourcecode.c.objc; path = EDGraph.m; sourceTree = "<group>"; };
		CD2DD5CD16470906006557FC /* EDPoint.h */ = {isa = PBXFileReference; fileEncoding = 4; lastKnownFileType = sourcecode.c.h; path = EDPoint.h; sourceTree = "<group>"; };
		CD2DD5CE16470906006557FC /* EDPoint.m */ = {isa = PBXFileReference; fileEncoding = 4; lastKnownFileType = sourcecode.c.objc; path = EDPoint.m; sourceTree = "<group>"; };
		CD2DD5D216474144006557FC /* EDPanelPropertiesGraphTablePoints.h */ = {isa = PBXFileReference; fileEncoding = 4; lastKnownFileType = sourcecode.c.h; path = EDPanelPropertiesGraphTablePoints.h; sourceTree = "<group>"; };
		CD2DD5D316474144006557FC /* EDPanelPropertiesGraphTablePoints.m */ = {isa = PBXFileReference; fileEncoding = 4; lastKnownFileType = sourcecode.c.objc; path = EDPanelPropertiesGraphTablePoints.m; sourceTree = "<group>"; };
		CD2DD5D91648813F006557FC /* NSMutableArray+Utilities.h */ = {isa = PBXFileReference; fileEncoding = 4; path = "NSMutableArray+Utilities.h"; sourceTree = "<group>"; };
		CD2DD5DA1648813F006557FC /* NSMutableArray+Utilities.m */ = {isa = PBXFileReference; fileEncoding = 4; lastKnownFileType = sourcecode.c.objc; path = "NSMutableArray+Utilities.m"; sourceTree = "<group>"; };
		CD3A4FE316359FC90042B6DD /* EDPage.h */ = {isa = PBXFileReference; fileEncoding = 4; lastKnownFileType = sourcecode.c.h; path = EDPage.h; sourceTree = "<group>"; };
		CD3A4FE416359FC90042B6DD /* EDPage.m */ = {isa = PBXFileReference; fileEncoding = 4; lastKnownFileType = sourcecode.c.objc; path = EDPage.m; sourceTree = "<group>"; };
		CD3F0A9815BDF93400AB7567 /* EDGraphView.h */ = {isa = PBXFileReference; fileEncoding = 4; lastKnownFileType = sourcecode.c.h; path = EDGraphView.h; sourceTree = "<group>"; };
		CD3F0A9915BDF93400AB7567 /* EDGraphView.m */ = {isa = PBXFileReference; fileEncoding = 4; lastKnownFileType = sourcecode.c.objc; path = EDGraphView.m; sourceTree = "<group>"; };
		CD3F0A9A15BDF93400AB7567 /* EDGraphViewController.h */ = {isa = PBXFileReference; fileEncoding = 4; lastKnownFileType = sourcecode.c.h; path = EDGraphViewController.h; sourceTree = "<group>"; };
		CD3F0A9B15BDF93400AB7567 /* EDGraphViewController.m */ = {isa = PBXFileReference; fileEncoding = 4; lastKnownFileType = sourcecode.c.objc; path = EDGraphViewController.m; sourceTree = "<group>"; };
		CD3F0AC315C22F0B00AB7567 /* EDWorksheetElementView.h */ = {isa = PBXFileReference; fileEncoding = 4; lastKnownFileType = sourcecode.c.h; path = EDWorksheetElementView.h; sourceTree = "<group>"; };
		CD3F0AC415C22F0B00AB7567 /* EDWorksheetElementView.m */ = {isa = PBXFileReference; fileEncoding = 4; lastKnownFileType = sourcecode.c.objc; path = EDWorksheetElementView.m; sourceTree = "<group>"; };
		CD41B54B15BB024C00640E73 /* EDWorksheetView.h */ = {isa = PBXFileReference; fileEncoding = 4; lastKnownFileType = sourcecode.c.h; path = EDWorksheetView.h; sourceTree = "<group>"; };
		CD41B54C15BB024C00640E73 /* EDWorksheetView.m */ = {isa = PBXFileReference; fileEncoding = 4; lastKnownFileType = sourcecode.c.objc; path = EDWorksheetView.m; sourceTree = "<group>"; };
		CD41B54E15BB046B00640E73 /* EDWorksheetViewController.h */ = {isa = PBXFileReference; fileEncoding = 4; lastKnownFileType = sourcecode.c.h; path = EDWorksheetViewController.h; sourceTree = "<group>"; };
		CD41B54F15BB046B00640E73 /* EDWorksheetViewController.m */ = {isa = PBXFileReference; fileEncoding = 4; lastKnownFileType = sourcecode.c.objc; path = EDWorksheetViewController.m; sourceTree = "<group>"; };
		CD47111D15BA1647008AACC3 /* GraphPouch.app */ = {isa = PBXFileReference; explicitFileType = wrapper.application; includeInIndex = 0; path = GraphPouch.app; sourceTree = BUILT_PRODUCTS_DIR; };
		CD47112115BA1647008AACC3 /* Cocoa.framework */ = {isa = PBXFileReference; lastKnownFileType = wrapper.framework; name = Cocoa.framework; path = System/Library/Frameworks/Cocoa.framework; sourceTree = SDKROOT; };
		CD47112415BA1647008AACC3 /* AppKit.framework */ = {isa = PBXFileReference; lastKnownFileType = wrapper.framework; name = AppKit.framework; path = System/Library/Frameworks/AppKit.framework; sourceTree = SDKROOT; };
		CD47112515BA1647008AACC3 /* CoreData.framework */ = {isa = PBXFileReference; lastKnownFileType = wrapper.framework; name = CoreData.framework; path = System/Library/Frameworks/CoreData.framework; sourceTree = SDKROOT; };
		CD47112615BA1647008AACC3 /* Foundation.framework */ = {isa = PBXFileReference; lastKnownFileType = wrapper.framework; name = Foundation.framework; path = System/Library/Frameworks/Foundation.framework; sourceTree = SDKROOT; };
		CD47112915BA1647008AACC3 /* GraphPouch-Info.plist */ = {isa = PBXFileReference; lastKnownFileType = text.plist.xml; path = "GraphPouch-Info.plist"; sourceTree = "<group>"; };
		CD47112B15BA1647008AACC3 /* en */ = {isa = PBXFileReference; lastKnownFileType = text.plist.strings; name = en; path = en.lproj/InfoPlist.strings; sourceTree = "<group>"; };
		CD47112D15BA1647008AACC3 /* main.m */ = {isa = PBXFileReference; lastKnownFileType = sourcecode.c.objc; path = main.m; sourceTree = "<group>"; };
		CD47112F15BA1647008AACC3 /* GraphPouch-Prefix.pch */ = {isa = PBXFileReference; lastKnownFileType = sourcecode.c.h; path = "GraphPouch-Prefix.pch"; sourceTree = "<group>"; };
		CD47113115BA1647008AACC3 /* en */ = {isa = PBXFileReference; lastKnownFileType = text.rtf; name = en; path = en.lproj/Credits.rtf; sourceTree = "<group>"; };
		CD47113315BA1647008AACC3 /* EDDocument.h */ = {isa = PBXFileReference; lastKnownFileType = sourcecode.c.h; path = EDDocument.h; sourceTree = "<group>"; };
		CD47113415BA1647008AACC3 /* EDDocument.m */ = {isa = PBXFileReference; lastKnownFileType = sourcecode.c.objc; path = EDDocument.m; sourceTree = "<group>"; };
		CD47113715BA1647008AACC3 /* en */ = {isa = PBXFileReference; lastKnownFileType = file.xib; name = en; path = en.lproj/EDDocument.xib; sourceTree = "<group>"; };
		CD47113A15BA1647008AACC3 /* en */ = {isa = PBXFileReference; lastKnownFileType = file.xib; name = en; path = en.lproj/MainMenu.xib; sourceTree = "<group>"; };
		CD47113D15BA1647008AACC3 /* EDDocument.xcdatamodel */ = {isa = PBXFileReference; lastKnownFileType = wrapper.xcdatamodel; path = EDDocument.xcdatamodel; sourceTree = "<group>"; };
		CD47114415BA1C0C008AACC3 /* EDGraphArrayController.h */ = {isa = PBXFileReference; fileEncoding = 4; lastKnownFileType = sourcecode.c.h; path = EDGraphArrayController.h; sourceTree = "<group>"; };
		CD47114515BA1C0C008AACC3 /* EDGraphArrayController.m */ = {isa = PBXFileReference; fileEncoding = 4; lastKnownFileType = sourcecode.c.objc; path = EDGraphArrayController.m; sourceTree = "<group>"; };
		CD5EE20016012A690027EFC6 /* NSObject+Document.h */ = {isa = PBXFileReference; fileEncoding = 4; lastKnownFileType = sourcecode.c.h; path = "NSObject+Document.h"; sourceTree = "<group>"; };
		CD5EE20116012A690027EFC6 /* NSObject+Document.m */ = {isa = PBXFileReference; fileEncoding = 4; lastKnownFileType = sourcecode.c.objc; path = "NSObject+Document.m"; sourceTree = "<group>"; };
		CD6DF2FF160D181900935BF2 /* EDTransformCornerPoint.h */ = {isa = PBXFileReference; fileEncoding = 4; lastKnownFileType = sourcecode.c.h; path = EDTransformCornerPoint.h; sourceTree = "<group>"; };
		CD6DF300160D181900935BF2 /* EDTransformCornerPoint.m */ = {isa = PBXFileReference; fileEncoding = 4; lastKnownFileType = sourcecode.c.objc; path = EDTransformCornerPoint.m; sourceTree = "<group>"; };
		CDA6644815F026DB002FBE2F /* EDMenuWindowController.h */ = {isa = PBXFileReference; fileEncoding = 4; lastKnownFileType = sourcecode.c.h; path = EDMenuWindowController.h; sourceTree = "<group>"; };
		CDA6644915F026DC002FBE2F /* EDMenuWindowController.m */ = {isa = PBXFileReference; fileEncoding = 4; lastKnownFileType = sourcecode.c.objc; path = EDMenuWindowController.m; sourceTree = "<group>"; };
		CDA8555616236EF9006FCD62 /* EDContentView.h */ = {isa = PBXFileReference; fileEncoding = 4; lastKnownFileType = sourcecode.c.h; path = EDContentView.h; sourceTree = "<group>"; };
		CDA8555716236EF9006FCD62 /* EDContentView.m */ = {isa = PBXFileReference; fileEncoding = 4; lastKnownFileType = sourcecode.c.objc; path = EDContentView.m; sourceTree = "<group>"; };
		CDAC3746161112E700545F1E /* NSMutableDictionary+Utilities.h */ = {isa = PBXFileReference; fileEncoding = 4; lastKnownFileType = sourcecode.c.h; path = "NSMutableDictionary+Utilities.h"; sourceTree = "<group>"; };
		CDAC3747161112E700545F1E /* NSMutableDictionary+Utilities.m */ = {isa = PBXFileReference; fileEncoding = 4; lastKnownFileType = sourcecode.c.objc; path = "NSMutableDictionary+Utilities.m"; sourceTree = "<group>"; };
		CDD46E511603BE3C00EDD75C /* NSColor+Utilities.h */ = {isa = PBXFileReference; fileEncoding = 4; lastKnownFileType = sourcecode.c.h; path = "NSColor+Utilities.h"; sourceTree = "<group>"; };
		CDD46E521603BE3C00EDD75C /* NSColor+Utilities.m */ = {isa = PBXFileReference; fileEncoding = 4; lastKnownFileType = sourcecode.c.objc; path = "NSColor+Utilities.m"; sourceTree = "<group>"; };
		CDD46E5F1607D1F200EDD75C /* EDTransformRect.h */ = {isa = PBXFileReference; fileEncoding = 4; lastKnownFileType = sourcecode.c.h; path = EDTransformRect.h; sourceTree = "<group>"; };
		CDD46E601607D1F200EDD75C /* EDTransformRect.m */ = {isa = PBXFileReference; fileEncoding = 4; lastKnownFileType = sourcecode.c.objc; path = EDTransformRect.m; sourceTree = "<group>"; };
		CDD46E631607D22F00EDD75C /* EDTransformPoint.h */ = {isa = PBXFileReference; fileEncoding = 4; lastKnownFileType = sourcecode.c.h; path = EDTransformPoint.h; sourceTree = "<group>"; };
		CDD46E641607D22F00EDD75C /* EDTransformPoint.m */ = {isa = PBXFileReference; fileEncoding = 4; lastKnownFileType = sourcecode.c.objc; path = EDTransformPoint.m; sourceTree = "<group>"; };
		CDD46E6616092F2E00EDD75C /* NSObject+Worksheet.h */ = {isa = PBXFileReference; fileEncoding = 4; lastKnownFileType = sourcecode.c.h; path = "NSObject+Worksheet.h"; sourceTree = "<group>"; };
		CDD46E6716092F2E00EDD75C /* NSObject+Worksheet.m */ = {isa = PBXFileReference; fileEncoding = 4; lastKnownFileType = sourcecode.c.objc; path = "NSObject+Worksheet.m"; sourceTree = "<group>"; };
		CDE6D61A15DC476B00E5695F /* NSManagedObject+Attributes.h */ = {isa = PBXFileReference; fileEncoding = 4; lastKnownFileType = sourcecode.c.h; path = "NSManagedObject+Attributes.h"; sourceTree = "<group>"; };
		CDE6D61B15DC476B00E5695F /* NSManagedObject+Attributes.m */ = {isa = PBXFileReference; fileEncoding = 4; lastKnownFileType = sourcecode.c.objc; path = "NSManagedObject+Attributes.m"; sourceTree = "<group>"; };
		CDE6D62E15DE774000E5695F /* EDElement.h */ = {isa = PBXFileReference; fileEncoding = 4; lastKnownFileType = sourcecode.c.h; path = EDElement.h; sourceTree = "<group>"; };
		CDE6D62F15DE774000E5695F /* EDElement.m */ = {isa = PBXFileReference; fileEncoding = 4; lastKnownFileType = sourcecode.c.objc; path = EDElement.m; sourceTree = "<group>"; };
		CDE6D65415E111C700E5695F /* EDWindow.h */ = {isa = PBXFileReference; fileEncoding = 4; lastKnownFileType = sourcecode.c.h; path = EDWindow.h; sourceTree = "<group>"; };
		CDE6D65515E111C700E5695F /* EDWindow.m */ = {isa = PBXFileReference; fileEncoding = 4; lastKnownFileType = sourcecode.c.objc; path = EDWindow.m; sourceTree = "<group>"; };
		CDE6D66C15E4413100E5695F /* EDAppController.h */ = {isa = PBXFileReference; fileEncoding = 4; lastKnownFileType = sourcecode.c.h; path = EDAppController.h; sourceTree = "<group>"; };
		CDE6D66D15E4413100E5695F /* EDAppController.m */ = {isa = PBXFileReference; fileEncoding = 4; lastKnownFileType = sourcecode.c.objc; path = EDAppController.m; sourceTree = "<group>"; };
		CDE6D66F15E4429800E5695F /* Preferences.xib */ = {isa = PBXFileReference; fileEncoding = 4; lastKnownFileType = file.xib; path = Preferences.xib; sourceTree = "<group>"; };
		CDE6D67515E4454B00E5695F /* EDPreferenceController.h */ = {isa = PBXFileReference; fileEncoding = 4; lastKnownFileType = sourcecode.c.h; path = EDPreferenceController.h; sourceTree = "<group>"; };
		CDE6D67615E4454B00E5695F /* EDPreferenceController.m */ = {isa = PBXFileReference; fileEncoding = 4; lastKnownFileType = sourcecode.c.objc; path = EDPreferenceController.m; sourceTree = "<group>"; };
		CDF7D84D15CEC3A00072B8BB /* NSManagedObject+EasyFetching.h */ = {isa = PBXFileReference; fileEncoding = 4; lastKnownFileType = sourcecode.c.h; path = "NSManagedObject+EasyFetching.h"; sourceTree = "<group>"; };
		CDF7D84E15CEC3A00072B8BB /* NSManagedObject+EasyFetching.m */ = {isa = PBXFileReference; fileEncoding = 4; lastKnownFileType = sourcecode.c.objc; path = "NSManagedObject+EasyFetching.m"; sourceTree = "<group>"; };
/* End PBXFileReference section */

/* Begin PBXFrameworksBuildPhase section */
		CD47111A15BA1647008AACC3 /* Frameworks */ = {
			isa = PBXFrameworksBuildPhase;
			buildActionMask = 2147483647;
			files = (
				CD47112215BA1647008AACC3 /* Cocoa.framework in Frameworks */,
			);
			runOnlyForDeploymentPostprocessing = 0;
		};
/* End PBXFrameworksBuildPhase section */

/* Begin PBXGroup section */
		CD1C57B6161BB23400534D49 /* Pages */ = {
			isa = PBXGroup;
			children = (
				CD1C57DE161E750400534D49 /* EDPageView.xib */,
				CD1C57B8161BB26A00534D49 /* EDPagesViewController.h */,
				CD1C57B9161BB26A00534D49 /* EDPagesViewController.m */,
				CD1C57BB161BCAA100534D49 /* EDPageViewController.h */,
				CD1C57BC161BCAA100534D49 /* EDPageViewController.m */,
				CD1C57C4161D13B900534D49 /* EDPageView.h */,
				CD1C57C5161D13B900534D49 /* EDPageView.m */,
				CD1C57C8161D153200534D49 /* EDPagesView.h */,
				CD1C57C9161D153200534D49 /* EDPagesView.m */,
			);
			name = Pages;
			sourceTree = "<group>";
		};
		CD1D02FB15E83EFC00C88A7A /* View */ = {
			isa = PBXGroup;
			children = (
				CD1D02FD15E83F1600C88A7A /* EDMenuViewController.h */,
				CD1D02FE15E83F1600C88A7A /* EDMenuViewController.m */,
			);
			name = View;
			sourceTree = "<group>";
		};
		CD1D032315EC1BA600C88A7A /* Window */ = {
			isa = PBXGroup;
			children = (
				CDA6644815F026DB002FBE2F /* EDMenuWindowController.h */,
				CDA6644915F026DC002FBE2F /* EDMenuWindowController.m */,
			);
			name = Window;
			sourceTree = "<group>";
		};
		CD1EBD4415FECF1E00BEEA4D /* Panels */ = {
			isa = PBXGroup;
			children = (
				CD1EBD4D15FED23F00BEEA4D /* EDPanelViewController.h */,
				CD1EBD4E15FED23F00BEEA4D /* EDPanelViewController.m */,
				CD1EBD4915FECF7500BEEA4D /* File */,
				CD1EBD4815FECF6900BEEA4D /* Edit */,
				CD1EBD4715FECF5900BEEA4D /* View */,
				CD1EBD4615FECF3300BEEA4D /* Window */,
			);
			name = Panels;
			sourceTree = "<group>";
		};
		CD1EBD4615FECF3300BEEA4D /* Window */ = {
			isa = PBXGroup;
			children = (
				CD1EBD4C15FECFEC00BEEA4D /* Properties */,
			);
			name = Window;
			sourceTree = "<group>";
		};
		CD1EBD4715FECF5900BEEA4D /* View */ = {
			isa = PBXGroup;
			children = (
				CD1EBD4B15FECFE600BEEA4D /* Align */,
			);
			name = View;
			sourceTree = "<group>";
		};
		CD1EBD4815FECF6900BEEA4D /* Edit */ = {
			isa = PBXGroup;
			children = (
			);
			name = Edit;
			sourceTree = "<group>";
		};
		CD1EBD4915FECF7500BEEA4D /* File */ = {
			isa = PBXGroup;
			children = (
				CDE6D66715E41E7A00E5695F /* Preferences */,
			);
			name = File;
			sourceTree = "<group>";
		};
		CD1EBD4B15FECFE600BEEA4D /* Align */ = {
			isa = PBXGroup;
			children = (
				CD1D032515EC1BCA00C88A7A /* EDMenuWindowAlignController.h */,
				CD1D032615EC1BCA00C88A7A /* EDMenuWindowAlignController.m */,
				CD1D032715EC1BCA00C88A7A /* EDMenuWindowAlign.xib */,
			);
			name = Align;
			sourceTree = "<group>";
		};
		CD1EBD4C15FECFEC00BEEA4D /* Properties */ = {
			isa = PBXGroup;
			children = (
				CD1EBD6515FED65A00BEEA4D /* EDPanelProperties.xib */,
				CD1EBD5915FED4B800BEEA4D /* EDPanelPropertiesController.h */,
				CD1EBD5A15FED4B800BEEA4D /* EDPanelPropertiesController.m */,
				CD2DD5D116474108006557FC /* Document */,
				CD2DD5D0164740F9006557FC /* Graph */,
			);
			name = Properties;
			sourceTree = "<group>";
		};
		CD2DD5D0164740F9006557FC /* Graph */ = {
			isa = PBXGroup;
			children = (
				CD1EBD6715FED65A00BEEA4D /* EDPanelPropertiesGraph.xib */,
				CD1EBD7215FED75900BEEA4D /* EDPanelPropertiesGraphController.h */,
				CD1EBD7315FED75900BEEA4D /* EDPanelPropertiesGraphController.m */,
				CD2DD5D216474144006557FC /* EDPanelPropertiesGraphTablePoints.h */,
				CD2DD5D316474144006557FC /* EDPanelPropertiesGraphTablePoints.m */,
			);
			name = Graph;
			sourceTree = "<group>";
		};
		CD2DD5D116474108006557FC /* Document */ = {
			isa = PBXGroup;
			children = (
				CD1EBD6615FED65A00BEEA4D /* EDPanelPropertiesDocument.xib */,
				CD1EBD7015FED75800BEEA4D /* EDPanelPropertiesDocumentController.h */,
				CD1EBD7115FED75800BEEA4D /* EDPanelPropertiesDocumentController.m */,
			);
			name = Document;
			sourceTree = "<group>";
		};
		CD3F0AF515C4774900AB7567 /* View+Controllers */ = {
			isa = PBXGroup;
			children = (
				CD1C57B6161BB23400534D49 /* Pages */,
				CDD46E4E1603BE1200EDD75C /* Categories */,
				CDC3C82415F96368009A8BFD /* Formatters */,
				CDE6D65215E111A800E5695F /* Window */,
				CD3F0AF915C4776900AB7567 /* Menu */,
				CD3F0AF815C4776100AB7567 /* Worksheet */,
			);
			name = "View+Controllers";
			sourceTree = "<group>";
		};
		CD3F0AF715C4775900AB7567 /* Model */ = {
			isa = PBXGroup;
			children = (
				CD1422C515C7590700F55819 /* EDCoreDataUtility.h */,
				CD1422C615C7590700F55819 /* EDCoreDataUtility.m */,
				CD2DD576163ED449006557FC /* EDCoreDataUtility+Pages.h */,
				CD2DD577163ED449006557FC /* EDCoreDataUtility+Pages.m */,
				CD47114415BA1C0C008AACC3 /* EDGraphArrayController.h */,
				CD47114515BA1C0C008AACC3 /* EDGraphArrayController.m */,
				CD1C57AB161B9AB200534D49 /* EDPageArrayController.h */,
				CD1C57AC161B9AB200534D49 /* EDPageArrayController.m */,
				CD3A4FE316359FC90042B6DD /* EDPage.h */,
				CD3A4FE416359FC90042B6DD /* EDPage.m */,
				CD47113C15BA1647008AACC3 /* EDDocument.xcdatamodeld */,
				CD2DD5BA1646BC42006557FC /* EDGraph.h */,
				CD2DD5BB1646BC42006557FC /* EDGraph.m */,
				CD2DD5CD16470906006557FC /* EDPoint.h */,
				CD2DD5CE16470906006557FC /* EDPoint.m */,
				CDE6D62E15DE774000E5695F /* EDElement.h */,
				CDE6D62F15DE774000E5695F /* EDElement.m */,
				CD2DD5D91648813F006557FC /* NSMutableArray+Utilities.h */,
				CD2DD5DA1648813F006557FC /* NSMutableArray+Utilities.m */,
				CDE6D61A15DC476B00E5695F /* NSManagedObject+Attributes.h */,
				CDE6D61B15DC476B00E5695F /* NSManagedObject+Attributes.m */,
				CDF7D84D15CEC3A00072B8BB /* NSManagedObject+EasyFetching.h */,
				CDF7D84E15CEC3A00072B8BB /* NSManagedObject+EasyFetching.m */,
				CDAC3746161112E700545F1E /* NSMutableDictionary+Utilities.h */,
				CDAC3747161112E700545F1E /* NSMutableDictionary+Utilities.m */,
				CD5EE20016012A690027EFC6 /* NSObject+Document.h */,
				CD5EE20116012A690027EFC6 /* NSObject+Document.m */,
				CDD46E6616092F2E00EDD75C /* NSObject+Worksheet.h */,
				CDD46E6716092F2E00EDD75C /* NSObject+Worksheet.m */,
			);
			name = Model;
			sourceTree = "<group>";
		};
		CD3F0AF815C4776100AB7567 /* Worksheet */ = {
			isa = PBXGroup;
			children = (
				CD41B54B15BB024C00640E73 /* EDWorksheetView.h */,
				CD41B54C15BB024C00640E73 /* EDWorksheetView.m */,
				CD41B54E15BB046B00640E73 /* EDWorksheetViewController.h */,
				CD41B54F15BB046B00640E73 /* EDWorksheetViewController.m */,
				CD3F0B0115C4784A00AB7567 /* Line */,
				CDD46E581604358F00EDD75C /* Element */,
				CD3F0AFF15C4784000AB7567 /* Graph */,
				CDD46E5A160435A900EDD75C /* Transform */,
				CD3F0B0215C4785600AB7567 /* Table */,
				CD3F0B0015C4784600AB7567 /* Text */,
			);
			name = Worksheet;
			sourceTree = "<group>";
		};
		CD3F0AF915C4776900AB7567 /* Menu */ = {
			isa = PBXGroup;
			children = (
				CD1EBD3115FC587B00BEEA4D /* EDMenuController.h */,
				CD1EBD3215FC587B00BEEA4D /* EDMenuController.m */,
				CD1D032315EC1BA600C88A7A /* Window */,
				CD1D02FB15E83EFC00C88A7A /* View */,
			);
			name = Menu;
			sourceTree = "<group>";
		};
		CD3F0AFA15C4777600AB7567 /* Constants */ = {
			isa = PBXGroup;
			children = (
				CD015FCC15BA66CA0096CDF9 /* EDConstants.h */,
				CD015FCD15BA66CA0096CDF9 /* EDConstants.m */,
			);
			name = Constants;
			sourceTree = "<group>";
		};
		CD3F0AFF15C4784000AB7567 /* Graph */ = {
			isa = PBXGroup;
			children = (
				CD3F0A9815BDF93400AB7567 /* EDGraphView.h */,
				CD3F0A9915BDF93400AB7567 /* EDGraphView.m */,
				CD3F0A9A15BDF93400AB7567 /* EDGraphViewController.h */,
				CD3F0A9B15BDF93400AB7567 /* EDGraphViewController.m */,
			);
			name = Graph;
			sourceTree = "<group>";
		};
		CD3F0B0015C4784600AB7567 /* Text */ = {
			isa = PBXGroup;
			children = (
			);
			name = Text;
			sourceTree = "<group>";
		};
		CD3F0B0115C4784A00AB7567 /* Line */ = {
			isa = PBXGroup;
			children = (
			);
			name = Line;
			sourceTree = "<group>";
		};
		CD3F0B0215C4785600AB7567 /* Table */ = {
			isa = PBXGroup;
			children = (
			);
			name = Table;
			sourceTree = "<group>";
		};
		CD47111215BA1646008AACC3 = {
			isa = PBXGroup;
			children = (
				CD47112715BA1647008AACC3 /* GraphPouch */,
				CD47112015BA1647008AACC3 /* Frameworks */,
				CD47111E15BA1647008AACC3 /* Products */,
			);
			sourceTree = "<group>";
		};
		CD47111E15BA1647008AACC3 /* Products */ = {
			isa = PBXGroup;
			children = (
				CD47111D15BA1647008AACC3 /* GraphPouch.app */,
			);
			name = Products;
			sourceTree = "<group>";
		};
		CD47112015BA1647008AACC3 /* Frameworks */ = {
			isa = PBXGroup;
			children = (
				CD47112115BA1647008AACC3 /* Cocoa.framework */,
				CD47112315BA1647008AACC3 /* Other Frameworks */,
			);
			name = Frameworks;
			sourceTree = "<group>";
		};
		CD47112315BA1647008AACC3 /* Other Frameworks */ = {
			isa = PBXGroup;
			children = (
				CD47112415BA1647008AACC3 /* AppKit.framework */,
				CD47112515BA1647008AACC3 /* CoreData.framework */,
				CD47112615BA1647008AACC3 /* Foundation.framework */,
			);
			name = "Other Frameworks";
			sourceTree = "<group>";
		};
		CD47112715BA1647008AACC3 /* GraphPouch */ = {
			isa = PBXGroup;
			children = (
				CD47113315BA1647008AACC3 /* EDDocument.h */,
				CD47113415BA1647008AACC3 /* EDDocument.m */,
				CD47113615BA1647008AACC3 /* EDDocument.xib */,
				CD47113915BA1647008AACC3 /* MainMenu.xib */,
				CDE6D66C15E4413100E5695F /* EDAppController.h */,
				CDE6D66D15E4413100E5695F /* EDAppController.m */,
				CD3F0AFA15C4777600AB7567 /* Constants */,
				CD3F0AF715C4775900AB7567 /* Model */,
				CD3F0AF515C4774900AB7567 /* View+Controllers */,
				CD47112815BA1647008AACC3 /* Supporting Files */,
			);
			path = GraphPouch;
			sourceTree = "<group>";
		};
		CD47112815BA1647008AACC3 /* Supporting Files */ = {
			isa = PBXGroup;
			children = (
				CD47112915BA1647008AACC3 /* GraphPouch-Info.plist */,
				CD47112A15BA1647008AACC3 /* InfoPlist.strings */,
				CD47112D15BA1647008AACC3 /* main.m */,
				CD47112F15BA1647008AACC3 /* GraphPouch-Prefix.pch */,
				CD47113015BA1647008AACC3 /* Credits.rtf */,
			);
			name = "Supporting Files";
			sourceTree = "<group>";
		};
		CDC3C82415F96368009A8BFD /* Formatters */ = {
			isa = PBXGroup;
			children = (
				CD1EBD87160011CC00BEEA4D /* EDFormatterDecimalUnsigned.h */,
				CD1EBD88160011CC00BEEA4D /* EDFormatterDecimalUnsigned.m */,
				CD1EBD8A160013D200BEEA4D /* EDFormatterDecimalSigned.h */,
				CD1EBD8B160013D200BEEA4D /* EDFormatterDecimalSigned.m */,
			);
			name = Formatters;
			sourceTree = "<group>";
		};
		CDD46E4E1603BE1200EDD75C /* Categories */ = {
			isa = PBXGroup;
			children = (
				CDD46E501603BE1C00EDD75C /* NSColor */,
			);
			name = Categories;
			sourceTree = "<group>";
		};
		CDD46E501603BE1C00EDD75C /* NSColor */ = {
			isa = PBXGroup;
			children = (
				CDD46E511603BE3C00EDD75C /* NSColor+Utilities.h */,
				CDD46E521603BE3C00EDD75C /* NSColor+Utilities.m */,
			);
			name = NSColor;
			sourceTree = "<group>";
		};
		CDD46E581604358F00EDD75C /* Element */ = {
			isa = PBXGroup;
			children = (
				CD3F0AC315C22F0B00AB7567 /* EDWorksheetElementView.h */,
				CD3F0AC415C22F0B00AB7567 /* EDWorksheetElementView.m */,
			);
			name = Element;
			sourceTree = "<group>";
		};
		CDD46E5A160435A900EDD75C /* Transform */ = {
			isa = PBXGroup;
			children = (
				CDD46E5F1607D1F200EDD75C /* EDTransformRect.h */,
				CDD46E601607D1F200EDD75C /* EDTransformRect.m */,
				CDD46E631607D22F00EDD75C /* EDTransformPoint.h */,
				CDD46E641607D22F00EDD75C /* EDTransformPoint.m */,
				CD6DF2FF160D181900935BF2 /* EDTransformCornerPoint.h */,
				CD6DF300160D181900935BF2 /* EDTransformCornerPoint.m */,
			);
			name = Transform;
			sourceTree = "<group>";
		};
		CDE6D65215E111A800E5695F /* Window */ = {
			isa = PBXGroup;
			children = (
				CDE6D65415E111C700E5695F /* EDWindow.h */,
				CDE6D65515E111C700E5695F /* EDWindow.m */,
				CDA8555616236EF9006FCD62 /* EDContentView.h */,
				CDA8555716236EF9006FCD62 /* EDContentView.m */,
				CD1EBD4415FECF1E00BEEA4D /* Panels */,
			);
			name = Window;
			sourceTree = "<group>";
		};
		CDE6D66715E41E7A00E5695F /* Preferences */ = {
			isa = PBXGroup;
			children = (
				CDE6D66F15E4429800E5695F /* Preferences.xib */,
				CDE6D67515E4454B00E5695F /* EDPreferenceController.h */,
				CDE6D67615E4454B00E5695F /* EDPreferenceController.m */,
			);
			name = Preferences;
			sourceTree = "<group>";
		};
/* End PBXGroup section */

/* Begin PBXNativeTarget section */
		CD47111C15BA1647008AACC3 /* GraphPouch */ = {
			isa = PBXNativeTarget;
			buildConfigurationList = CD47114115BA1647008AACC3 /* Build configuration list for PBXNativeTarget "GraphPouch" */;
			buildPhases = (
				CD47111915BA1647008AACC3 /* Sources */,
				CD47111A15BA1647008AACC3 /* Frameworks */,
				CD47111B15BA1647008AACC3 /* Resources */,
			);
			buildRules = (
			);
			dependencies = (
			);
			name = GraphPouch;
			productName = GraphPouch;
			productReference = CD47111D15BA1647008AACC3 /* GraphPouch.app */;
			productType = "com.apple.product-type.application";
		};
/* End PBXNativeTarget section */

/* Begin PBXProject section */
		CD47111415BA1646008AACC3 /* Project object */ = {
			isa = PBXProject;
			attributes = {
				CLASSPREFIX = ED;
				LastUpgradeCheck = 0430;
				ORGANIZATIONNAME = "Patrick Lee";
			};
			buildConfigurationList = CD47111715BA1646008AACC3 /* Build configuration list for PBXProject "GraphPouch" */;
			compatibilityVersion = "Xcode 3.2";
			developmentRegion = English;
			hasScannedForEncodings = 0;
			knownRegions = (
				en,
			);
			mainGroup = CD47111215BA1646008AACC3;
			productRefGroup = CD47111E15BA1647008AACC3 /* Products */;
			projectDirPath = "";
			projectRoot = "";
			targets = (
				CD47111C15BA1647008AACC3 /* GraphPouch */,
			);
		};
/* End PBXProject section */

/* Begin PBXResourcesBuildPhase section */
		CD47111B15BA1647008AACC3 /* Resources */ = {
			isa = PBXResourcesBuildPhase;
			buildActionMask = 2147483647;
			files = (
				CD47112C15BA1647008AACC3 /* InfoPlist.strings in Resources */,
				CD47113215BA1647008AACC3 /* Credits.rtf in Resources */,
				CD47113815BA1647008AACC3 /* EDDocument.xib in Resources */,
				CD47113B15BA1647008AACC3 /* MainMenu.xib in Resources */,
				CDE6D67015E4429800E5695F /* Preferences.xib in Resources */,
				CD1D032915EC1BCA00C88A7A /* EDMenuWindowAlign.xib in Resources */,
				CD1EBD6815FED65A00BEEA4D /* EDPanelProperties.xib in Resources */,
				CD1EBD6915FED65B00BEEA4D /* EDPanelPropertiesDocument.xib in Resources */,
				CD1EBD6A15FED65B00BEEA4D /* EDPanelPropertiesGraph.xib in Resources */,
				CD1C57DF161E750400534D49 /* EDPageView.xib in Resources */,
			);
			runOnlyForDeploymentPostprocessing = 0;
		};
/* End PBXResourcesBuildPhase section */

/* Begin PBXSourcesBuildPhase section */
		CD47111915BA1647008AACC3 /* Sources */ = {
			isa = PBXSourcesBuildPhase;
			buildActionMask = 2147483647;
			files = (
				CD47112E15BA1647008AACC3 /* main.m in Sources */,
				CD47113515BA1647008AACC3 /* EDDocument.m in Sources */,
				CD47113E15BA1647008AACC3 /* EDDocument.xcdatamodeld in Sources */,
				CD47114615BA1C0C008AACC3 /* EDGraphArrayController.m in Sources */,
				CD015FCE15BA66CA0096CDF9 /* EDConstants.m in Sources */,
				CD41B54D15BB024C00640E73 /* EDWorksheetView.m in Sources */,
				CD41B55015BB046B00640E73 /* EDWorksheetViewController.m in Sources */,
				CD3F0A9C15BDF93400AB7567 /* EDGraphView.m in Sources */,
				CD3F0A9D15BDF93400AB7567 /* EDGraphViewController.m in Sources */,
				CD3F0AC515C22F0B00AB7567 /* EDWorksheetElementView.m in Sources */,
				CD1422C715C7590700F55819 /* EDCoreDataUtility.m in Sources */,
				CDF7D84F15CEC3A00072B8BB /* NSManagedObject+EasyFetching.m in Sources */,
				CDE6D61C15DC476B00E5695F /* NSManagedObject+Attributes.m in Sources */,
				CDE6D63015DE774100E5695F /* EDElement.m in Sources */,
				CDE6D65615E111C700E5695F /* EDWindow.m in Sources */,
				CDE6D66E15E4413100E5695F /* EDAppController.m in Sources */,
				CDE6D67715E4454B00E5695F /* EDPreferenceController.m in Sources */,
				CD1D02FF15E83F1600C88A7A /* EDMenuViewController.m in Sources */,
				CD1D032815EC1BCA00C88A7A /* EDMenuWindowAlignController.m in Sources */,
				CDA6644A15F026DC002FBE2F /* EDMenuWindowController.m in Sources */,
				CD1EBD3315FC587B00BEEA4D /* EDMenuController.m in Sources */,
				CD1EBD4F15FED23F00BEEA4D /* EDPanelViewController.m in Sources */,
				CD1EBD5B15FED4B800BEEA4D /* EDPanelPropertiesController.m in Sources */,
				CD1EBD7415FED75900BEEA4D /* EDPanelPropertiesDocumentController.m in Sources */,
				CD1EBD7515FED75900BEEA4D /* EDPanelPropertiesGraphController.m in Sources */,
				CD1EBD89160011CC00BEEA4D /* EDFormatterDecimalUnsigned.m in Sources */,
				CD1EBD8C160013D200BEEA4D /* EDFormatterDecimalSigned.m in Sources */,
				CD5EE20216012A690027EFC6 /* NSObject+Document.m in Sources */,
				CDD46E531603BE3C00EDD75C /* NSColor+Utilities.m in Sources */,
				CDD46E611607D1F200EDD75C /* EDTransformRect.m in Sources */,
				CDD46E651607D22F00EDD75C /* EDTransformPoint.m in Sources */,
				CDD46E6816092F2F00EDD75C /* NSObject+Worksheet.m in Sources */,
				CD6DF301160D181900935BF2 /* EDTransformCornerPoint.m in Sources */,
				CDAC3748161112E700545F1E /* NSMutableDictionary+Utilities.m in Sources */,
				CD1C57AD161B9AB200534D49 /* EDPageArrayController.m in Sources */,
				CD1C57BA161BB26A00534D49 /* EDPagesViewController.m in Sources */,
				CD1C57BE161BCAA100534D49 /* EDPageViewController.m in Sources */,
				CD1C57C6161D13B900534D49 /* EDPageView.m in Sources */,
				CD1C57CA161D153300534D49 /* EDPagesView.m in Sources */,
				CDA8555816236EF9006FCD62 /* EDContentView.m in Sources */,
				CD3A4FE516359FC90042B6DD /* EDPage.m in Sources */,
				CD2DD578163ED449006557FC /* EDCoreDataUtility+Pages.m in Sources */,
				CD2DD5BC1646BC42006557FC /* EDGraph.m in Sources */,
				CD2DD5CF16470906006557FC /* EDPoint.m in Sources */,
				CD2DD5D416474144006557FC /* EDPanelPropertiesGraphTablePoints.m in Sources */,
				CD2DD5DB1648813F006557FC /* NSMutableArray+Utilities.m in Sources */,
			);
			runOnlyForDeploymentPostprocessing = 0;
		};
/* End PBXSourcesBuildPhase section */

/* Begin PBXVariantGroup section */
		CD47112A15BA1647008AACC3 /* InfoPlist.strings */ = {
			isa = PBXVariantGroup;
			children = (
				CD47112B15BA1647008AACC3 /* en */,
			);
			name = InfoPlist.strings;
			sourceTree = "<group>";
		};
		CD47113015BA1647008AACC3 /* Credits.rtf */ = {
			isa = PBXVariantGroup;
			children = (
				CD47113115BA1647008AACC3 /* en */,
			);
			name = Credits.rtf;
			sourceTree = "<group>";
		};
		CD47113615BA1647008AACC3 /* EDDocument.xib */ = {
			isa = PBXVariantGroup;
			children = (
				CD47113715BA1647008AACC3 /* en */,
			);
			name = EDDocument.xib;
			sourceTree = "<group>";
		};
		CD47113915BA1647008AACC3 /* MainMenu.xib */ = {
			isa = PBXVariantGroup;
			children = (
				CD47113A15BA1647008AACC3 /* en */,
			);
			name = MainMenu.xib;
			sourceTree = "<group>";
		};
/* End PBXVariantGroup section */

/* Begin XCBuildConfiguration section */
		CD47113F15BA1647008AACC3 /* Debug */ = {
			isa = XCBuildConfiguration;
			buildSettings = {
				ALWAYS_SEARCH_USER_PATHS = NO;
				ARCHS = "$(ARCHS_STANDARD_64_BIT)";
				CLANG_ENABLE_OBJC_ARC = YES;
				COPY_PHASE_STRIP = NO;
				GCC_C_LANGUAGE_STANDARD = gnu99;
				GCC_DYNAMIC_NO_PIC = NO;
				GCC_ENABLE_OBJC_EXCEPTIONS = YES;
				GCC_OPTIMIZATION_LEVEL = 0;
				GCC_PREPROCESSOR_DEFINITIONS = (
					"DEBUG=1",
					"$(inherited)",
				);
				GCC_SYMBOLS_PRIVATE_EXTERN = NO;
				GCC_VERSION = com.apple.compilers.llvm.clang.1_0;
				GCC_WARN_64_TO_32_BIT_CONVERSION = YES;
				GCC_WARN_ABOUT_RETURN_TYPE = YES;
				GCC_WARN_UNINITIALIZED_AUTOS = YES;
				GCC_WARN_UNUSED_VARIABLE = YES;
				MACOSX_DEPLOYMENT_TARGET = 10.7;
				ONLY_ACTIVE_ARCH = YES;
				SDKROOT = macosx;
			};
			name = Debug;
		};
		CD47114015BA1647008AACC3 /* Release */ = {
			isa = XCBuildConfiguration;
			buildSettings = {
				ALWAYS_SEARCH_USER_PATHS = NO;
				ARCHS = "$(ARCHS_STANDARD_64_BIT)";
				CLANG_ENABLE_OBJC_ARC = YES;
				COPY_PHASE_STRIP = YES;
				DEBUG_INFORMATION_FORMAT = "dwarf-with-dsym";
				GCC_C_LANGUAGE_STANDARD = gnu99;
				GCC_ENABLE_OBJC_EXCEPTIONS = YES;
				GCC_VERSION = com.apple.compilers.llvm.clang.1_0;
				GCC_WARN_64_TO_32_BIT_CONVERSION = YES;
				GCC_WARN_ABOUT_RETURN_TYPE = YES;
				GCC_WARN_UNINITIALIZED_AUTOS = YES;
				GCC_WARN_UNUSED_VARIABLE = YES;
				MACOSX_DEPLOYMENT_TARGET = 10.7;
				SDKROOT = macosx;
			};
			name = Release;
		};
		CD47114215BA1647008AACC3 /* Debug */ = {
			isa = XCBuildConfiguration;
			buildSettings = {
				GCC_PRECOMPILE_PREFIX_HEADER = YES;
				GCC_PREFIX_HEADER = "GraphPouch/GraphPouch-Prefix.pch";
				INFOPLIST_FILE = "GraphPouch/GraphPouch-Info.plist";
				OTHER_LDFLAGS = "";
				PRODUCT_NAME = "$(TARGET_NAME)";
				WRAPPER_EXTENSION = app;
			};
			name = Debug;
		};
		CD47114315BA1647008AACC3 /* Release */ = {
			isa = XCBuildConfiguration;
			buildSettings = {
				GCC_PRECOMPILE_PREFIX_HEADER = YES;
				GCC_PREFIX_HEADER = "GraphPouch/GraphPouch-Prefix.pch";
				INFOPLIST_FILE = "GraphPouch/GraphPouch-Info.plist";
				OTHER_LDFLAGS = "";
				PRODUCT_NAME = "$(TARGET_NAME)";
				WRAPPER_EXTENSION = app;
			};
			name = Release;
		};
/* End XCBuildConfiguration section */

/* Begin XCConfigurationList section */
		CD47111715BA1646008AACC3 /* Build configuration list for PBXProject "GraphPouch" */ = {
			isa = XCConfigurationList;
			buildConfigurations = (
				CD47113F15BA1647008AACC3 /* Debug */,
				CD47114015BA1647008AACC3 /* Release */,
			);
			defaultConfigurationIsVisible = 0;
			defaultConfigurationName = Release;
		};
		CD47114115BA1647008AACC3 /* Build configuration list for PBXNativeTarget "GraphPouch" */ = {
			isa = XCConfigurationList;
			buildConfigurations = (
				CD47114215BA1647008AACC3 /* Debug */,
				CD47114315BA1647008AACC3 /* Release */,
			);
			defaultConfigurationIsVisible = 0;
			defaultConfigurationName = Release;
		};
/* End XCConfigurationList section */

/* Begin XCVersionGroup section */
		CD47113C15BA1647008AACC3 /* EDDocument.xcdatamodeld */ = {
			isa = XCVersionGroup;
			children = (
				CD47113D15BA1647008AACC3 /* EDDocument.xcdatamodel */,
			);
			currentVersion = CD47113D15BA1647008AACC3 /* EDDocument.xcdatamodel */;
			path = EDDocument.xcdatamodeld;
			sourceTree = "<group>";
			versionGroupType = wrapper.xcdatamodel;
		};
/* End XCVersionGroup section */
	};
	rootObject = CD47111415BA1646008AACC3 /* Project object */;
}
